<?xml version="1.0" encoding="UTF-8"?>
<!DOCTYPE plist PUBLIC "-//Apple//DTD PLIST 1.0//EN" "http://www.apple.com/DTDs/PropertyList-1.0.dtd">
<plist version="1.0">
<dict>
	<key>archiveVersion</key>
	<string>1</string>
	<key>classes</key>
	<dict/>
	<key>objectVersion</key>
	<string>46</string>
	<key>objects</key>
	<dict>
		<key>007231B90E17BE55C4D58BE1</key>
		<dict>
			<key>includeInIndex</key>
			<string>1</string>
			<key>isa</key>
			<string>PBXFileReference</string>
			<key>lastKnownFileType</key>
			<string>text.xcconfig</string>
			<key>name</key>
			<string>Pods-TimeTrackerTests.release.xcconfig</string>
			<key>path</key>
			<string>Pods/Target Support Files/Pods-TimeTrackerTests/Pods-TimeTrackerTests.release.xcconfig</string>
			<key>sourceTree</key>
			<string>&lt;group&gt;</string>
		</dict>
		<key>08B2459D5007A958D58E8120</key>
		<dict>
			<key>children</key>
			<array>
				<string>ECCFAA7F6D1B19716454B4D2</string>
				<string>A01FDC2AA9D663506DE0D6F5</string>
			</array>
			<key>isa</key>
			<string>PBXGroup</string>
			<key>name</key>
			<string>Frameworks</string>
			<key>sourceTree</key>
			<string>&lt;group&gt;</string>
		</dict>
		<key>1448A9DA3558A44B29E0457D</key>
		<dict>
			<key>buildActionMask</key>
			<string>2147483647</string>
			<key>files</key>
			<array/>
			<key>inputPaths</key>
			<array/>
			<key>isa</key>
			<string>PBXShellScriptBuildPhase</string>
			<key>name</key>
			<string>[CP] Copy Pods Resources</string>
			<key>outputPaths</key>
			<array/>
			<key>runOnlyForDeploymentPostprocessing</key>
			<string>0</string>
			<key>shellPath</key>
			<string>/bin/sh</string>
			<key>shellScript</key>
			<string>"${SRCROOT}/Pods/Target Support Files/Pods-TimeTrackerUITests/Pods-TimeTrackerUITests-resources.sh"
</string>
			<key>showEnvVarsInLog</key>
			<string>0</string>
		</dict>
		<key>18969DBBB7A7A68808674726</key>
		<dict>
			<key>buildActionMask</key>
			<string>2147483647</string>
			<key>files</key>
			<array/>
			<key>inputPaths</key>
			<array/>
			<key>isa</key>
			<string>PBXShellScriptBuildPhase</string>
			<key>name</key>
			<string>[CP] Check Pods Manifest.lock</string>
			<key>outputPaths</key>
			<array/>
			<key>runOnlyForDeploymentPostprocessing</key>
			<string>0</string>
			<key>shellPath</key>
			<string>/bin/sh</string>
			<key>shellScript</key>
			<string>diff "${PODS_ROOT}/../Podfile.lock" "${PODS_ROOT}/Manifest.lock" &gt; /dev/null
if [[ $? != 0 ]] ; then
    cat &lt;&lt; EOM
error: The sandbox is not in sync with the Podfile.lock. Run 'pod install' or update your CocoaPods installation.
EOM
    exit 1
fi
</string>
			<key>showEnvVarsInLog</key>
			<string>0</string>
		</dict>
		<key>2FB09E6375B07582951F9EF0</key>
		<dict>
			<key>buildActionMask</key>
			<string>2147483647</string>
			<key>files</key>
			<array/>
			<key>inputPaths</key>
			<array/>
			<key>isa</key>
			<string>PBXShellScriptBuildPhase</string>
			<key>name</key>
			<string>[CP] Copy Pods Resources</string>
			<key>outputPaths</key>
			<array/>
			<key>runOnlyForDeploymentPostprocessing</key>
			<string>0</string>
			<key>shellPath</key>
			<string>/bin/sh</string>
			<key>shellScript</key>
			<string>"${SRCROOT}/Pods/Target Support Files/Pods-TimeTrackerTests/Pods-TimeTrackerTests-resources.sh"
</string>
			<key>showEnvVarsInLog</key>
			<string>0</string>
		</dict>
		<key>386B68273BCA9CF5C4C1C3B6</key>
		<dict>
			<key>fileRef</key>
			<string>A01FDC2AA9D663506DE0D6F5</string>
			<key>isa</key>
			<string>PBXBuildFile</string>
		</dict>
		<key>4AE554BBF277359F8606A733</key>
		<dict>
			<key>buildActionMask</key>
			<string>2147483647</string>
			<key>files</key>
			<array/>
			<key>inputPaths</key>
			<array/>
			<key>isa</key>
			<string>PBXShellScriptBuildPhase</string>
			<key>name</key>
			<string>[CP] Embed Pods Frameworks</string>
			<key>outputPaths</key>
			<array/>
			<key>runOnlyForDeploymentPostprocessing</key>
			<string>0</string>
			<key>shellPath</key>
			<string>/bin/sh</string>
			<key>shellScript</key>
			<string>"${SRCROOT}/Pods/Target Support Files/Pods-TimeTracker/Pods-TimeTracker-frameworks.sh"
</string>
			<key>showEnvVarsInLog</key>
			<string>0</string>
		</dict>
		<key>5E25E1D50BA18FE2287B463E</key>
		<dict>
			<key>buildActionMask</key>
			<string>2147483647</string>
			<key>files</key>
			<array/>
			<key>inputPaths</key>
			<array/>
			<key>isa</key>
			<string>PBXShellScriptBuildPhase</string>
			<key>name</key>
			<string>[CP] Check Pods Manifest.lock</string>
			<key>outputPaths</key>
			<array/>
			<key>runOnlyForDeploymentPostprocessing</key>
			<string>0</string>
			<key>shellPath</key>
			<string>/bin/sh</string>
			<key>shellScript</key>
			<string>diff "${PODS_ROOT}/../Podfile.lock" "${PODS_ROOT}/Manifest.lock" &gt; /dev/null
if [[ $? != 0 ]] ; then
    cat &lt;&lt; EOM
error: The sandbox is not in sync with the Podfile.lock. Run 'pod install' or update your CocoaPods installation.
EOM
    exit 1
fi
</string>
			<key>showEnvVarsInLog</key>
			<string>0</string>
		</dict>
		<key>69A8300DEC2FAEEADAC8A737</key>
		<dict>
			<key>includeInIndex</key>
			<string>1</string>
			<key>isa</key>
			<string>PBXFileReference</string>
			<key>lastKnownFileType</key>
			<string>text.xcconfig</string>
			<key>name</key>
			<string>Pods-TimeTrackerTests.debug.xcconfig</string>
			<key>path</key>
			<string>Pods/Target Support Files/Pods-TimeTrackerTests/Pods-TimeTrackerTests.debug.xcconfig</string>
			<key>sourceTree</key>
			<string>&lt;group&gt;</string>
		</dict>
		<key>703BF5150D3EEB8BC87AC5E9</key>
		<dict>
			<key>children</key>
			<array>
				<string>B11979CA0ACF72BD3F0EC4C4</string>
				<string>AEED4B187D8E7DD5699366CB</string>
				<string>69A8300DEC2FAEEADAC8A737</string>
				<string>007231B90E17BE55C4D58BE1</string>
			</array>
			<key>isa</key>
			<string>PBXGroup</string>
			<key>name</key>
			<string>Pods</string>
			<key>sourceTree</key>
			<string>&lt;group&gt;</string>
		</dict>
		<key>757424426B5CA8EAA8419895</key>
		<dict>
			<key>fileRef</key>
			<string>ECCFAA7F6D1B19716454B4D2</string>
			<key>isa</key>
			<string>PBXBuildFile</string>
		</dict>
		<key>A01FDC2AA9D663506DE0D6F5</key>
		<dict>
			<key>explicitFileType</key>
			<string>wrapper.framework</string>
			<key>includeInIndex</key>
			<string>0</string>
			<key>isa</key>
			<string>PBXFileReference</string>
			<key>path</key>
			<string>Pods_TimeTrackerTests.framework</string>
			<key>sourceTree</key>
			<string>BUILT_PRODUCTS_DIR</string>
		</dict>
		<key>AB1C235B722F805FA170B905</key>
		<dict>
			<key>buildActionMask</key>
			<string>2147483647</string>
			<key>files</key>
			<array/>
			<key>inputPaths</key>
			<array/>
			<key>isa</key>
			<string>PBXShellScriptBuildPhase</string>
			<key>name</key>
			<string>[CP] Embed Pods Frameworks</string>
			<key>outputPaths</key>
			<array/>
			<key>runOnlyForDeploymentPostprocessing</key>
			<string>0</string>
			<key>shellPath</key>
			<string>/bin/sh</string>
			<key>shellScript</key>
			<string>"${SRCROOT}/Pods/Target Support Files/Pods-TimeTrackerTests/Pods-TimeTrackerTests-frameworks.sh"
</string>
			<key>showEnvVarsInLog</key>
			<string>0</string>
		</dict>
		<key>AEED4B187D8E7DD5699366CB</key>
		<dict>
			<key>includeInIndex</key>
			<string>1</string>
			<key>isa</key>
			<string>PBXFileReference</string>
			<key>lastKnownFileType</key>
			<string>text.xcconfig</string>
			<key>name</key>
			<string>Pods-TimeTracker.release.xcconfig</string>
			<key>path</key>
			<string>Pods/Target Support Files/Pods-TimeTracker/Pods-TimeTracker.release.xcconfig</string>
			<key>sourceTree</key>
			<string>&lt;group&gt;</string>
		</dict>
		<key>B11979CA0ACF72BD3F0EC4C4</key>
		<dict>
			<key>includeInIndex</key>
			<string>1</string>
			<key>isa</key>
			<string>PBXFileReference</string>
			<key>lastKnownFileType</key>
			<string>text.xcconfig</string>
			<key>name</key>
			<string>Pods-TimeTracker.debug.xcconfig</string>
			<key>path</key>
			<string>Pods/Target Support Files/Pods-TimeTracker/Pods-TimeTracker.debug.xcconfig</string>
			<key>sourceTree</key>
			<string>&lt;group&gt;</string>
		</dict>
		<key>BD272CF80C4E06367CE243B6</key>
		<dict>
			<key>buildActionMask</key>
			<string>2147483647</string>
			<key>files</key>
			<array/>
			<key>inputPaths</key>
			<array/>
			<key>isa</key>
			<string>PBXShellScriptBuildPhase</string>
			<key>name</key>
			<string>[CP] Copy Pods Resources</string>
			<key>outputPaths</key>
			<array/>
			<key>runOnlyForDeploymentPostprocessing</key>
			<string>0</string>
			<key>shellPath</key>
			<string>/bin/sh</string>
			<key>shellScript</key>
			<string>"${SRCROOT}/Pods/Target Support Files/Pods-TimeTracker/Pods-TimeTracker-resources.sh"
</string>
			<key>showEnvVarsInLog</key>
			<string>0</string>
		</dict>
		<key>CCFAF2DE7506C76C1ABA9100</key>
		<dict>
			<key>buildActionMask</key>
			<string>2147483647</string>
			<key>files</key>
			<array/>
			<key>inputPaths</key>
			<array/>
			<key>isa</key>
			<string>PBXShellScriptBuildPhase</string>
			<key>name</key>
			<string>[CP] Check Pods Manifest.lock</string>
			<key>outputPaths</key>
			<array/>
			<key>runOnlyForDeploymentPostprocessing</key>
			<string>0</string>
			<key>shellPath</key>
			<string>/bin/sh</string>
			<key>shellScript</key>
			<string>diff "${PODS_ROOT}/../Podfile.lock" "${PODS_ROOT}/Manifest.lock" &gt; /dev/null
if [[ $? != 0 ]] ; then
    cat &lt;&lt; EOM
error: The sandbox is not in sync with the Podfile.lock. Run 'pod install' or update your CocoaPods installation.
EOM
    exit 1
fi
</string>
			<key>showEnvVarsInLog</key>
			<string>0</string>
		</dict>
		<key>E700FAEB1D93C8C900D5718A</key>
		<dict>
			<key>isa</key>
			<string>PBXFileReference</string>
			<key>lastKnownFileType</key>
			<string>text.plist.entitlements</string>
			<key>path</key>
			<string>TimeTracker.entitlements</string>
			<key>sourceTree</key>
			<string>&lt;group&gt;</string>
		</dict>
		<key>E702D1601D962914002A64E3</key>
		<dict>
			<key>fileEncoding</key>
			<string>4</string>
			<key>isa</key>
			<string>PBXFileReference</string>
			<key>lastKnownFileType</key>
			<string>sourcecode.swift</string>
			<key>path</key>
			<string>TaskService.swift</string>
			<key>sourceTree</key>
			<string>&lt;group&gt;</string>
		</dict>
		<key>E702D1611D962914002A64E3</key>
		<dict>
			<key>fileRef</key>
			<string>E702D1601D962914002A64E3</string>
			<key>isa</key>
			<string>PBXBuildFile</string>
		</dict>
		<key>E702D1621D963F20002A64E3</key>
		<dict>
			<key>fileEncoding</key>
			<string>4</string>
			<key>isa</key>
			<string>PBXFileReference</string>
			<key>lastKnownFileType</key>
			<string>sourcecode.swift</string>
			<key>path</key>
			<string>TaskCollection.swift</string>
			<key>sourceTree</key>
			<string>&lt;group&gt;</string>
		</dict>
		<key>E702D1631D963F20002A64E3</key>
		<dict>
			<key>fileRef</key>
			<string>E702D1621D963F20002A64E3</string>
			<key>isa</key>
			<string>PBXBuildFile</string>
		</dict>
		<key>E71B1A9E1D9919C9004423DE</key>
		<dict>
			<key>children</key>
			<array>
				<string>E71B1A9F1D9919D6004423DE</string>
			</array>
			<key>isa</key>
			<string>PBXGroup</string>
			<key>name</key>
			<string>Models</string>
			<key>sourceTree</key>
			<string>&lt;group&gt;</string>
		</dict>
		<key>E71B1A9F1D9919D6004423DE</key>
		<dict>
			<key>fileEncoding</key>
			<string>4</string>
			<key>isa</key>
			<string>PBXFileReference</string>
			<key>lastKnownFileType</key>
			<string>sourcecode.swift</string>
			<key>path</key>
			<string>TaskSessionTests.swift</string>
			<key>sourceTree</key>
			<string>&lt;group&gt;</string>
		</dict>
		<key>E71B1AA01D9919D6004423DE</key>
		<dict>
			<key>fileRef</key>
			<string>E71B1A9F1D9919D6004423DE</string>
			<key>isa</key>
			<string>PBXBuildFile</string>
		</dict>
		<key>E71B1AA61D99550B004423DE</key>
		<dict>
			<key>children</key>
			<array>
				<string>E71B1AA71D995520004423DE</string>
				<string>E7474B221D9A910300A82370</string>
			</array>
			<key>isa</key>
			<string>PBXGroup</string>
			<key>name</key>
			<string>Utils</string>
			<key>sourceTree</key>
			<string>&lt;group&gt;</string>
		</dict>
		<key>E71B1AA71D995520004423DE</key>
		<dict>
			<key>fileEncoding</key>
			<string>4</string>
			<key>isa</key>
			<string>PBXFileReference</string>
			<key>lastKnownFileType</key>
			<string>sourcecode.swift</string>
			<key>path</key>
			<string>TimeFormatter.swift</string>
			<key>sourceTree</key>
			<string>&lt;group&gt;</string>
		</dict>
		<key>E71B1AA81D995520004423DE</key>
		<dict>
			<key>fileRef</key>
			<string>E71B1AA71D995520004423DE</string>
			<key>isa</key>
			<string>PBXBuildFile</string>
		</dict>
		<key>E71B1AAB1D9958DB004423DE</key>
		<dict>
			<key>children</key>
			<array>
				<string>E71B1AAE1D995968004423DE</string>
			</array>
			<key>isa</key>
			<string>PBXGroup</string>
			<key>name</key>
			<string>Utils</string>
			<key>sourceTree</key>
			<string>&lt;group&gt;</string>
		</dict>
		<key>E71B1AAE1D995968004423DE</key>
		<dict>
			<key>fileEncoding</key>
			<string>4</string>
			<key>isa</key>
			<string>PBXFileReference</string>
			<key>lastKnownFileType</key>
			<string>sourcecode.swift</string>
			<key>path</key>
			<string>TimeFormatterTests.swift</string>
			<key>sourceTree</key>
			<string>&lt;group&gt;</string>
		</dict>
		<key>E71B1AAF1D995968004423DE</key>
		<dict>
			<key>fileRef</key>
			<string>E71B1AAE1D995968004423DE</string>
			<key>isa</key>
			<string>PBXBuildFile</string>
		</dict>
		<key>E722CAFC1D96ACE300ED6DC4</key>
		<dict>
			<key>fileEncoding</key>
			<string>4</string>
			<key>isa</key>
			<string>PBXFileReference</string>
			<key>lastKnownFileType</key>
			<string>sourcecode.swift</string>
			<key>path</key>
			<string>TaskServiceProtocol.swift</string>
			<key>sourceTree</key>
			<string>&lt;group&gt;</string>
		</dict>
		<key>E722CAFD1D96ACE300ED6DC4</key>
		<dict>
			<key>fileRef</key>
			<string>E722CAFC1D96ACE300ED6DC4</string>
			<key>isa</key>
			<string>PBXBuildFile</string>
		</dict>
		<key>E722CAFE1D96B63200ED6DC4</key>
		<dict>
			<key>children</key>
			<array>
				<string>E785B5041D96A702003E6F87</string>
				<string>E702D1601D962914002A64E3</string>
				<string>E722CAFC1D96ACE300ED6DC4</string>
			</array>
			<key>isa</key>
			<string>PBXGroup</string>
			<key>name</key>
			<string>TaskService</string>
			<key>sourceTree</key>
			<string>&lt;group&gt;</string>
		</dict>
		<key>E744D3B51D910F0600F9825C</key>
		<dict>
			<key>children</key>
			<array>
				<string>E744D3B61D910F1200F9825C</string>
			</array>
			<key>isa</key>
			<string>PBXGroup</string>
			<key>name</key>
			<string>Helpers</string>
			<key>sourceTree</key>
			<string>&lt;group&gt;</string>
		</dict>
		<key>E744D3B61D910F1200F9825C</key>
		<dict>
			<key>fileEncoding</key>
			<string>4</string>
			<key>isa</key>
			<string>PBXFileReference</string>
			<key>lastKnownFileType</key>
			<string>sourcecode.swift</string>
			<key>path</key>
			<string>Constants.swift</string>
			<key>sourceTree</key>
			<string>&lt;group&gt;</string>
		</dict>
		<key>E744D3B71D910F1200F9825C</key>
		<dict>
			<key>fileRef</key>
			<string>E744D3B61D910F1200F9825C</string>
			<key>isa</key>
			<string>PBXBuildFile</string>
		</dict>
		<key>E744D3B81D9121B600F9825C</key>
		<dict>
			<key>children</key>
			<array>
				<string>E744D3B91D9121E400F9825C</string>
			</array>
			<key>isa</key>
			<string>PBXGroup</string>
			<key>name</key>
			<string>SignUpViewControllerTest</string>
			<key>sourceTree</key>
			<string>&lt;group&gt;</string>
		</dict>
		<key>E744D3B91D9121E400F9825C</key>
		<dict>
			<key>fileEncoding</key>
			<string>4</string>
			<key>isa</key>
			<string>PBXFileReference</string>
			<key>lastKnownFileType</key>
			<string>sourcecode.swift</string>
			<key>path</key>
			<string>SignUpViewControllerTest.swift</string>
			<key>sourceTree</key>
			<string>&lt;group&gt;</string>
		</dict>
		<key>E744D3BA1D9121E400F9825C</key>
		<dict>
			<key>fileRef</key>
			<string>E744D3B91D9121E400F9825C</string>
			<key>isa</key>
			<string>PBXBuildFile</string>
		</dict>
		<key>E7469CBA1D92674500FDF686</key>
		<dict>
			<key>children</key>
			<array>
				<string>E7469CC61D927EE300FDF686</string>
				<string>E7469CCD1D92B0B600FDF686</string>
				<string>E7469CCE1D92B0B600FDF686</string>
			</array>
			<key>isa</key>
			<string>PBXGroup</string>
			<key>name</key>
			<string>Views</string>
			<key>sourceTree</key>
			<string>&lt;group&gt;</string>
		</dict>
		<key>E7469CBF1D926EF100FDF686</key>
		<dict>
			<key>fileEncoding</key>
			<string>4</string>
			<key>isa</key>
			<string>PBXFileReference</string>
			<key>lastKnownFileType</key>
			<string>text.plist.xml</string>
			<key>name</key>
			<string>TaskColors.plist</string>
			<key>path</key>
			<string>../TaskColors.plist</string>
			<key>sourceTree</key>
			<string>&lt;group&gt;</string>
		</dict>
		<key>E7469CC01D926EF100FDF686</key>
		<dict>
			<key>fileRef</key>
			<string>E7469CBF1D926EF100FDF686</string>
			<key>isa</key>
			<string>PBXBuildFile</string>
		</dict>
		<key>E7469CC11D926EFE00FDF686</key>
		<dict>
			<key>fileRef</key>
			<string>E7469CBF1D926EF100FDF686</string>
			<key>isa</key>
			<string>PBXBuildFile</string>
		</dict>
		<key>E7469CC21D926EFE00FDF686</key>
		<dict>
			<key>fileRef</key>
			<string>E7469CBF1D926EF100FDF686</string>
			<key>isa</key>
			<string>PBXBuildFile</string>
		</dict>
		<key>E7469CC31D92702E00FDF686</key>
		<dict>
			<key>children</key>
			<array>
				<string>E7469CC41D92704B00FDF686</string>
			</array>
			<key>isa</key>
			<string>PBXGroup</string>
			<key>name</key>
			<string>AddTaskViewController</string>
			<key>sourceTree</key>
			<string>&lt;group&gt;</string>
		</dict>
		<key>E7469CC41D92704B00FDF686</key>
		<dict>
			<key>fileEncoding</key>
			<string>4</string>
			<key>isa</key>
			<string>PBXFileReference</string>
			<key>lastKnownFileType</key>
			<string>sourcecode.swift</string>
			<key>path</key>
			<string>AddTaskViewControllerTests.swift</string>
			<key>sourceTree</key>
			<string>&lt;group&gt;</string>
		</dict>
		<key>E7469CC51D92704B00FDF686</key>
		<dict>
			<key>fileRef</key>
			<string>E7469CC41D92704B00FDF686</string>
			<key>isa</key>
			<string>PBXBuildFile</string>
		</dict>
		<key>E7469CC61D927EE300FDF686</key>
		<dict>
			<key>fileEncoding</key>
			<string>4</string>
			<key>isa</key>
			<string>PBXFileReference</string>
			<key>lastKnownFileType</key>
			<string>sourcecode.swift</string>
			<key>path</key>
			<string>AddTaskCellCollectionViewCell.swift</string>
			<key>sourceTree</key>
			<string>&lt;group&gt;</string>
		</dict>
		<key>E7469CC71D927EE300FDF686</key>
		<dict>
			<key>fileRef</key>
			<string>E7469CC61D927EE300FDF686</string>
			<key>isa</key>
			<string>PBXBuildFile</string>
		</dict>
		<key>E7469CC81D92A18F00FDF686</key>
		<dict>
			<key>fileEncoding</key>
			<string>4</string>
			<key>isa</key>
			<string>PBXFileReference</string>
			<key>lastKnownFileType</key>
			<string>sourcecode.swift</string>
			<key>path</key>
			<string>Task.swift</string>
			<key>sourceTree</key>
			<string>&lt;group&gt;</string>
		</dict>
		<key>E7469CC91D92A18F00FDF686</key>
		<dict>
			<key>fileRef</key>
			<string>E7469CC81D92A18F00FDF686</string>
			<key>isa</key>
			<string>PBXBuildFile</string>
		</dict>
		<key>E7469CCA1D92AEA900FDF686</key>
		<dict>
			<key>children</key>
			<array>
				<string>E7469CCB1D92AEC400FDF686</string>
			</array>
			<key>isa</key>
			<string>PBXGroup</string>
			<key>name</key>
			<string>TaskListViewControllerTest</string>
			<key>sourceTree</key>
			<string>&lt;group&gt;</string>
		</dict>
		<key>E7469CCB1D92AEC400FDF686</key>
		<dict>
			<key>fileEncoding</key>
			<string>4</string>
			<key>isa</key>
			<string>PBXFileReference</string>
			<key>lastKnownFileType</key>
			<string>sourcecode.swift</string>
			<key>path</key>
			<string>TaskListViewControllerTest.swift</string>
			<key>sourceTree</key>
			<string>&lt;group&gt;</string>
		</dict>
		<key>E7469CCC1D92AEC400FDF686</key>
		<dict>
			<key>fileRef</key>
			<string>E7469CCB1D92AEC400FDF686</string>
			<key>isa</key>
			<string>PBXBuildFile</string>
		</dict>
		<key>E7469CCD1D92B0B600FDF686</key>
		<dict>
			<key>fileEncoding</key>
			<string>4</string>
			<key>isa</key>
			<string>PBXFileReference</string>
			<key>lastKnownFileType</key>
			<string>sourcecode.swift</string>
			<key>path</key>
			<string>TaskCell.swift</string>
			<key>sourceTree</key>
			<string>&lt;group&gt;</string>
		</dict>
		<key>E7469CCE1D92B0B600FDF686</key>
		<dict>
			<key>fileEncoding</key>
			<string>4</string>
			<key>isa</key>
			<string>PBXFileReference</string>
			<key>lastKnownFileType</key>
			<string>file.xib</string>
			<key>path</key>
			<string>TaskCell.xib</string>
			<key>sourceTree</key>
			<string>&lt;group&gt;</string>
		</dict>
		<key>E7469CCF1D92B0B600FDF686</key>
		<dict>
			<key>fileRef</key>
			<string>E7469CCD1D92B0B600FDF686</string>
			<key>isa</key>
			<string>PBXBuildFile</string>
		</dict>
		<key>E7469CD01D92B0B600FDF686</key>
		<dict>
			<key>fileRef</key>
			<string>E7469CCE1D92B0B600FDF686</string>
			<key>isa</key>
			<string>PBXBuildFile</string>
		</dict>
		<key>E7474B221D9A910300A82370</key>
		<dict>
			<key>fileEncoding</key>
			<string>4</string>
			<key>isa</key>
			<string>PBXFileReference</string>
			<key>lastKnownFileType</key>
			<string>sourcecode.swift</string>
			<key>path</key>
			<string>UIConsts.swift</string>
			<key>sourceTree</key>
			<string>&lt;group&gt;</string>
		</dict>
		<key>E7474B231D9A910300A82370</key>
		<dict>
			<key>fileRef</key>
			<string>E7474B221D9A910300A82370</string>
			<key>isa</key>
			<string>PBXBuildFile</string>
		</dict>
		<key>E77CAED41D8FCD83000F39BF</key>
		<dict>
			<key>fileEncoding</key>
			<string>4</string>
			<key>isa</key>
			<string>PBXFileReference</string>
			<key>lastKnownFileType</key>
			<string>file.storyboard</string>
			<key>path</key>
			<string>LaunchScreen.storyboard</string>
			<key>sourceTree</key>
			<string>&lt;group&gt;</string>
		</dict>
		<key>E77CAED51D8FCD83000F39BF</key>
		<dict>
			<key>fileRef</key>
			<string>E77CAED41D8FCD83000F39BF</string>
			<key>isa</key>
			<string>PBXBuildFile</string>
		</dict>
		<key>E77CAED61D8FCE36000F39BF</key>
		<dict>
			<key>children</key>
			<array>
				<string>E77CAED71D8FCE63000F39BF</string>
			</array>
			<key>isa</key>
			<string>PBXGroup</string>
			<key>name</key>
			<string>SplashViewController</string>
			<key>sourceTree</key>
			<string>&lt;group&gt;</string>
		</dict>
		<key>E77CAED71D8FCE63000F39BF</key>
		<dict>
			<key>fileEncoding</key>
			<string>4</string>
			<key>isa</key>
			<string>PBXFileReference</string>
			<key>lastKnownFileType</key>
			<string>sourcecode.swift</string>
			<key>path</key>
			<string>SplashViewController.swift</string>
			<key>sourceTree</key>
			<string>&lt;group&gt;</string>
		</dict>
		<key>E77CAED81D8FCE63000F39BF</key>
		<dict>
			<key>fileRef</key>
			<string>E77CAED71D8FCE63000F39BF</string>
			<key>isa</key>
			<string>PBXBuildFile</string>
		</dict>
		<key>E77CAED91D8FF8AE000F39BF</key>
		<dict>
			<key>children</key>
			<array>
				<string>E77CAEDA1D8FF8C5000F39BF</string>
			</array>
			<key>isa</key>
			<string>PBXGroup</string>
			<key>name</key>
			<string>LoginViewController</string>
			<key>sourceTree</key>
			<string>&lt;group&gt;</string>
		</dict>
		<key>E77CAEDA1D8FF8C5000F39BF</key>
		<dict>
			<key>fileEncoding</key>
			<string>4</string>
			<key>isa</key>
			<string>PBXFileReference</string>
			<key>lastKnownFileType</key>
			<string>sourcecode.swift</string>
			<key>path</key>
			<string>LoginViewController.swift</string>
			<key>sourceTree</key>
			<string>&lt;group&gt;</string>
		</dict>
		<key>E77CAEDB1D8FF8C5000F39BF</key>
		<dict>
			<key>fileRef</key>
			<string>E77CAEDA1D8FF8C5000F39BF</string>
			<key>isa</key>
			<string>PBXBuildFile</string>
		</dict>
		<key>E77CAEDC1D9001C3000F39BF</key>
		<dict>
			<key>children</key>
			<array>
				<string>E77CAEDD1D9001DF000F39BF</string>
			</array>
			<key>isa</key>
			<string>PBXGroup</string>
			<key>name</key>
			<string>SignUpViewController</string>
			<key>sourceTree</key>
			<string>&lt;group&gt;</string>
		</dict>
		<key>E77CAEDD1D9001DF000F39BF</key>
		<dict>
			<key>fileEncoding</key>
			<string>4</string>
			<key>isa</key>
			<string>PBXFileReference</string>
			<key>lastKnownFileType</key>
			<string>sourcecode.swift</string>
			<key>path</key>
			<string>SignUpViewController.swift</string>
			<key>sourceTree</key>
			<string>&lt;group&gt;</string>
		</dict>
		<key>E77CAEDE1D9001DF000F39BF</key>
		<dict>
			<key>fileRef</key>
			<string>E77CAEDD1D9001DF000F39BF</string>
			<key>isa</key>
			<string>PBXBuildFile</string>
		</dict>
		<key>E77CAEDF1D901266000F39BF</key>
		<dict>
			<key>children</key>
			<array>
				<string>E77F26471D916DD1001073E9</string>
				<string>E77F26461D91552A001073E9</string>
				<string>E77CAEDC1D9001C3000F39BF</string>
				<string>E77CAED91D8FF8AE000F39BF</string>
				<string>E77CAED61D8FCE36000F39BF</string>
			</array>
			<key>isa</key>
			<string>PBXGroup</string>
			<key>name</key>
			<string>ViewControlles</string>
			<key>sourceTree</key>
			<string>&lt;group&gt;</string>
		</dict>
		<key>E77CAEE01D901272000F39BF</key>
		<dict>
			<key>children</key>
			<array>
				<string>E77CAEE11D901280000F39BF</string>
				<string>E7469CC81D92A18F00FDF686</string>
				<string>E7E6E16C1D95133100794A82</string>
				<string>E702D1621D963F20002A64E3</string>
			</array>
			<key>isa</key>
			<string>PBXGroup</string>
			<key>name</key>
			<string>Models</string>
			<key>sourceTree</key>
			<string>&lt;group&gt;</string>
		</dict>
		<key>E77CAEE11D901280000F39BF</key>
		<dict>
			<key>fileEncoding</key>
			<string>4</string>
			<key>isa</key>
			<string>PBXFileReference</string>
			<key>lastKnownFileType</key>
			<string>sourcecode.swift</string>
			<key>path</key>
			<string>User.swift</string>
			<key>sourceTree</key>
			<string>&lt;group&gt;</string>
		</dict>
		<key>E77CAEE21D901280000F39BF</key>
		<dict>
			<key>fileRef</key>
			<string>E77CAEE11D901280000F39BF</string>
			<key>isa</key>
			<string>PBXBuildFile</string>
		</dict>
		<key>E77CAEE31D9016CD000F39BF</key>
		<dict>
			<key>children</key>
			<array>
				<string>E722CAFE1D96B63200ED6DC4</string>
				<string>E77CAEE61D901744000F39BF</string>
			</array>
			<key>isa</key>
			<string>PBXGroup</string>
			<key>name</key>
			<string>Services</string>
			<key>sourceTree</key>
			<string>&lt;group&gt;</string>
		</dict>
		<key>E77CAEE41D9016DB000F39BF</key>
		<dict>
			<key>fileEncoding</key>
			<string>4</string>
			<key>isa</key>
			<string>PBXFileReference</string>
			<key>lastKnownFileType</key>
			<string>sourcecode.swift</string>
			<key>path</key>
			<string>FIRService.swift</string>
			<key>sourceTree</key>
			<string>&lt;group&gt;</string>
		</dict>
		<key>E77CAEE51D9016DB000F39BF</key>
		<dict>
			<key>fileRef</key>
			<string>E77CAEE41D9016DB000F39BF</string>
			<key>isa</key>
			<string>PBXBuildFile</string>
		</dict>
		<key>E77CAEE61D901744000F39BF</key>
		<dict>
			<key>children</key>
			<array>
				<string>E77CAEE41D9016DB000F39BF</string>
				<string>E77CAEE71D9017F2000F39BF</string>
				<string>E7C32BC81D9ABD9100C22EE6</string>
			</array>
			<key>isa</key>
			<string>PBXGroup</string>
			<key>name</key>
			<string>FIR</string>
			<key>sourceTree</key>
			<string>&lt;group&gt;</string>
		</dict>
		<key>E77CAEE71D9017F2000F39BF</key>
		<dict>
			<key>fileEncoding</key>
			<string>4</string>
			<key>isa</key>
			<string>PBXFileReference</string>
			<key>lastKnownFileType</key>
			<string>sourcecode.swift</string>
			<key>path</key>
			<string>FIRProtocol.swift</string>
			<key>sourceTree</key>
			<string>&lt;group&gt;</string>
		</dict>
		<key>E77CAEE81D9017F2000F39BF</key>
		<dict>
			<key>fileRef</key>
			<string>E77CAEE71D9017F2000F39BF</string>
			<key>isa</key>
			<string>PBXBuildFile</string>
		</dict>
		<key>E77CAEE91D901EF7000F39BF</key>
		<dict>
			<key>fileEncoding</key>
			<string>4</string>
			<key>isa</key>
			<string>PBXFileReference</string>
			<key>lastKnownFileType</key>
			<string>sourcecode.swift</string>
			<key>path</key>
			<string>FIRServiceMock.swift</string>
			<key>sourceTree</key>
			<string>&lt;group&gt;</string>
		</dict>
		<key>E77CAEEA1D901EF7000F39BF</key>
		<dict>
			<key>fileRef</key>
			<string>E77CAEE91D901EF7000F39BF</string>
			<key>isa</key>
			<string>PBXBuildFile</string>
		</dict>
		<key>E77F26461D91552A001073E9</key>
		<dict>
			<key>children</key>
			<array>
				<string>E7EAD2271D8EAFD700599D88</string>
			</array>
			<key>isa</key>
			<string>PBXGroup</string>
			<key>name</key>
			<string>TaskListViewController</string>
			<key>sourceTree</key>
			<string>&lt;group&gt;</string>
		</dict>
		<key>E77F26471D916DD1001073E9</key>
		<dict>
			<key>children</key>
			<array>
				<string>E77F26481D916DEB001073E9</string>
			</array>
			<key>isa</key>
			<string>PBXGroup</string>
			<key>name</key>
			<string>AddTaskViewController</string>
			<key>sourceTree</key>
			<string>&lt;group&gt;</string>
		</dict>
		<key>E77F26481D916DEB001073E9</key>
		<dict>
			<key>fileEncoding</key>
			<string>4</string>
			<key>isa</key>
			<string>PBXFileReference</string>
			<key>lastKnownFileType</key>
			<string>sourcecode.swift</string>
			<key>path</key>
			<string>AddTaskViewController.swift</string>
			<key>sourceTree</key>
			<string>&lt;group&gt;</string>
		</dict>
		<key>E77F26491D916DEB001073E9</key>
		<dict>
			<key>fileRef</key>
			<string>E77F26481D916DEB001073E9</string>
			<key>isa</key>
			<string>PBXBuildFile</string>
		</dict>
		<key>E785B5041D96A702003E6F87</key>
		<dict>
			<key>fileEncoding</key>
			<string>4</string>
			<key>isa</key>
			<string>PBXFileReference</string>
			<key>lastKnownFileType</key>
			<string>sourcecode.swift</string>
			<key>path</key>
			<string>TaskServiceDelegate.swift</string>
			<key>sourceTree</key>
			<string>&lt;group&gt;</string>
		</dict>
		<key>E785B5051D96A702003E6F87</key>
		<dict>
			<key>fileRef</key>
			<string>E785B5041D96A702003E6F87</string>
			<key>isa</key>
			<string>PBXBuildFile</string>
		</dict>
		<key>E7C32BC81D9ABD9100C22EE6</key>
		<dict>
			<key>fileEncoding</key>
			<string>4</string>
			<key>isa</key>
			<string>PBXFileReference</string>
			<key>lastKnownFileType</key>
			<string>sourcecode.swift</string>
			<key>path</key>
			<string>FIRConsts.swift</string>
			<key>sourceTree</key>
			<string>&lt;group&gt;</string>
		</dict>
		<key>E7C32BC91D9ABD9100C22EE6</key>
		<dict>
			<key>fileRef</key>
			<string>E7C32BC81D9ABD9100C22EE6</string>
			<key>isa</key>
			<string>PBXBuildFile</string>
		</dict>
		<key>E7C352A61D903C8D00E111B1</key>
		<dict>
			<key>children</key>
			<array>
				<string>E7C352A71D903CA800E111B1</string>
			</array>
			<key>isa</key>
			<string>PBXGroup</string>
			<key>name</key>
			<string>LoginViewControllerTests</string>
			<key>sourceTree</key>
			<string>&lt;group&gt;</string>
		</dict>
		<key>E7C352A71D903CA800E111B1</key>
		<dict>
			<key>fileEncoding</key>
			<string>4</string>
			<key>isa</key>
			<string>PBXFileReference</string>
			<key>lastKnownFileType</key>
			<string>sourcecode.swift</string>
			<key>path</key>
			<string>LoginViewControllerTests.swift</string>
			<key>sourceTree</key>
			<string>&lt;group&gt;</string>
		</dict>
		<key>E7C352A81D903CA800E111B1</key>
		<dict>
			<key>fileRef</key>
			<string>E7C352A71D903CA800E111B1</string>
			<key>isa</key>
			<string>PBXBuildFile</string>
		</dict>
		<key>E7CEF44B1D8FC8BE00A5846F</key>
		<dict>
			<key>children</key>
			<array>
				<string>E7CEF44C1D8FC8F100A5846F</string>
				<string>E77CAEE91D901EF7000F39BF</string>
			</array>
			<key>isa</key>
			<string>PBXGroup</string>
			<key>name</key>
			<string>SplashViewControllerTests</string>
			<key>sourceTree</key>
			<string>&lt;group&gt;</string>
		</dict>
		<key>E7CEF44C1D8FC8F100A5846F</key>
		<dict>
			<key>fileEncoding</key>
			<string>4</string>
			<key>isa</key>
			<string>PBXFileReference</string>
			<key>lastKnownFileType</key>
			<string>sourcecode.swift</string>
			<key>path</key>
			<string>SplashViewControllerTests.swift</string>
			<key>sourceTree</key>
			<string>&lt;group&gt;</string>
		</dict>
		<key>E7CEF44D1D8FC8F100A5846F</key>
		<dict>
			<key>fileRef</key>
			<string>E7CEF44C1D8FC8F100A5846F</string>
			<key>isa</key>
			<string>PBXBuildFile</string>
		</dict>
		<key>E7E6E16C1D95133100794A82</key>
		<dict>
			<key>fileEncoding</key>
			<string>4</string>
			<key>isa</key>
			<string>PBXFileReference</string>
			<key>lastKnownFileType</key>
			<string>sourcecode.swift</string>
			<key>path</key>
			<string>TaskSession.swift</string>
			<key>sourceTree</key>
			<string>&lt;group&gt;</string>
		</dict>
		<key>E7E6E16D1D95133100794A82</key>
		<dict>
			<key>fileRef</key>
			<string>E7E6E16C1D95133100794A82</string>
			<key>isa</key>
			<string>PBXBuildFile</string>
		</dict>
		<key>E7EAD2191D8EAFD700599D88</key>
		<dict>
			<key>children</key>
			<array>
				<string>E7EAD2241D8EAFD700599D88</string>
				<string>E7EAD23B1D8EAFD700599D88</string>
				<string>E7EAD2231D8EAFD700599D88</string>
				<string>703BF5150D3EEB8BC87AC5E9</string>
				<string>08B2459D5007A958D58E8120</string>
			</array>
			<key>isa</key>
			<string>PBXGroup</string>
			<key>sourceTree</key>
			<string>&lt;group&gt;</string>
		</dict>
		<key>E7EAD21A1D8EAFD700599D88</key>
		<dict>
			<key>attributes</key>
			<dict>
				<key>LastSwiftUpdateCheck</key>
				<string>0800</string>
				<key>LastUpgradeCheck</key>
				<string>0800</string>
				<key>ORGANIZATIONNAME</key>
				<string>Micha&#322; Szyszka</string>
				<key>TargetAttributes</key>
				<dict>
					<key>E7EAD2211D8EAFD700599D88</key>
					<dict>
						<key>CreatedOnToolsVersion</key>
						<string>8.0</string>
						<key>DevelopmentTeam</key>
						<string>G4F2QAB3HL</string>
						<key>ProvisioningStyle</key>
						<string>Automatic</string>
						<key>SystemCapabilities</key>
						<dict>
							<key>com.apple.Keychain</key>
							<dict>
								<key>enabled</key>
								<string>1</string>
							</dict>
						</dict>
					</dict>
					<key>E7EAD2371D8EAFD700599D88</key>
					<dict>
						<key>CreatedOnToolsVersion</key>
						<string>8.0</string>
						<key>DevelopmentTeam</key>
						<string>G4F2QAB3HL</string>
						<key>ProvisioningStyle</key>
						<string>Automatic</string>
						<key>TestTargetID</key>
						<string>E7EAD2211D8EAFD700599D88</string>
					</dict>
					<key>E7EAD2421D8EAFD700599D88</key>
					<dict>
						<key>CreatedOnToolsVersion</key>
						<string>8.0</string>
						<key>DevelopmentTeam</key>
						<string>G4F2QAB3HL</string>
						<key>ProvisioningStyle</key>
						<string>Automatic</string>
						<key>TestTargetID</key>
						<string>E7EAD2211D8EAFD700599D88</string>
					</dict>
				</dict>
			</dict>
			<key>buildConfigurationList</key>
			<string>E7EAD21D1D8EAFD700599D88</string>
			<key>compatibilityVersion</key>
			<string>Xcode 3.2</string>
			<key>developmentRegion</key>
			<string>English</string>
			<key>hasScannedForEncodings</key>
			<string>0</string>
			<key>isa</key>
			<string>PBXProject</string>
			<key>knownRegions</key>
			<array>
				<string>en</string>
				<string>Base</string>
			</array>
			<key>mainGroup</key>
			<string>E7EAD2191D8EAFD700599D88</string>
			<key>productRefGroup</key>
			<string>E7EAD2231D8EAFD700599D88</string>
			<key>projectDirPath</key>
			<string></string>
			<key>projectReferences</key>
			<array/>
			<key>projectRoot</key>
			<string></string>
			<key>targets</key>
			<array>
				<string>E7EAD2211D8EAFD700599D88</string>
				<string>E7EAD2371D8EAFD700599D88</string>
				<string>E7EAD2421D8EAFD700599D88</string>
			</array>
		</dict>
		<key>E7EAD21D1D8EAFD700599D88</key>
		<dict>
			<key>buildConfigurations</key>
			<array>
				<string>E7EAD24A1D8EAFD700599D88</string>
				<string>E7EAD24B1D8EAFD700599D88</string>
			</array>
			<key>defaultConfigurationIsVisible</key>
			<string>0</string>
			<key>defaultConfigurationName</key>
			<string>Release</string>
			<key>isa</key>
			<string>XCConfigurationList</string>
		</dict>
		<key>E7EAD21E1D8EAFD700599D88</key>
		<dict>
			<key>buildActionMask</key>
			<string>2147483647</string>
			<key>files</key>
			<array>
				<string>E7469CC71D927EE300FDF686</string>
				<string>E77F26491D916DEB001073E9</string>
				<string>E7EAD22A1D8EAFD700599D88</string>
				<string>E77CAEDE1D9001DF000F39BF</string>
				<string>E722CAFD1D96ACE300ED6DC4</string>
				<string>E7474B231D9A910300A82370</string>
				<string>E7469CC91D92A18F00FDF686</string>
				<string>E702D1611D962914002A64E3</string>
				<string>E7EAD2261D8EAFD700599D88</string>
				<string>E7EAD2281D8EAFD700599D88</string>
				<string>E77CAEDB1D8FF8C5000F39BF</string>
				<string>E71B1AA81D995520004423DE</string>
				<string>E77CAEE51D9016DB000F39BF</string>
				<string>E77CAED81D8FCE63000F39BF</string>
				<string>E77CAEE81D9017F2000F39BF</string>
				<string>E7C32BC91D9ABD9100C22EE6</string>
				<string>E7469CCF1D92B0B600FDF686</string>
				<string>E77CAEE21D901280000F39BF</string>
				<string>E702D1631D963F20002A64E3</string>
				<string>E785B5051D96A702003E6F87</string>
				<string>E7E6E16D1D95133100794A82</string>
			</array>
			<key>isa</key>
			<string>PBXSourcesBuildPhase</string>
			<key>runOnlyForDeploymentPostprocessing</key>
			<string>0</string>
		</dict>
		<key>E7EAD21F1D8EAFD700599D88</key>
		<dict>
			<key>buildActionMask</key>
			<string>2147483647</string>
			<key>files</key>
			<array>
				<string>757424426B5CA8EAA8419895</string>
			</array>
			<key>isa</key>
			<string>PBXFrameworksBuildPhase</string>
			<key>runOnlyForDeploymentPostprocessing</key>
			<string>0</string>
		</dict>
		<key>E7EAD2201D8EAFD700599D88</key>
		<dict>
			<key>buildActionMask</key>
			<string>2147483647</string>
			<key>files</key>
			<array>
				<string>E7EAD2561D8EB7C800599D88</string>
				<string>E77CAED51D8FCD83000F39BF</string>
				<string>E7EAD22F1D8EAFD700599D88</string>
				<string>E7EAD22D1D8EAFD700599D88</string>
				<string>E7469CD01D92B0B600FDF686</string>
				<string>E7469CC01D926EF100FDF686</string>
			</array>
			<key>isa</key>
			<string>PBXResourcesBuildPhase</string>
			<key>runOnlyForDeploymentPostprocessing</key>
			<string>0</string>
		</dict>
		<key>E7EAD2211D8EAFD700599D88</key>
		<dict>
			<key>buildConfigurationList</key>
			<string>E7EAD24C1D8EAFD700599D88</string>
			<key>buildPhases</key>
			<array>
				<string>5E25E1D50BA18FE2287B463E</string>
				<string>E7EAD21E1D8EAFD700599D88</string>
				<string>E7EAD21F1D8EAFD700599D88</string>
				<string>E7EAD2201D8EAFD700599D88</string>
				<string>4AE554BBF277359F8606A733</string>
				<string>BD272CF80C4E06367CE243B6</string>
			</array>
			<key>buildRules</key>
			<array/>
			<key>dependencies</key>
			<array/>
			<key>isa</key>
			<string>PBXNativeTarget</string>
			<key>name</key>
			<string>TimeTracker</string>
			<key>productName</key>
			<string>TimeTracker</string>
			<key>productReference</key>
			<string>E7EAD2221D8EAFD700599D88</string>
			<key>productType</key>
			<string>com.apple.product-type.application</string>
		</dict>
		<key>E7EAD2221D8EAFD700599D88</key>
		<dict>
			<key>explicitFileType</key>
			<string>wrapper.application</string>
			<key>includeInIndex</key>
			<string>0</string>
			<key>isa</key>
			<string>PBXFileReference</string>
			<key>path</key>
			<string>TimeTracker.app</string>
			<key>sourceTree</key>
			<string>BUILT_PRODUCTS_DIR</string>
		</dict>
		<key>E7EAD2231D8EAFD700599D88</key>
		<dict>
			<key>children</key>
			<array>
				<string>E7EAD2221D8EAFD700599D88</string>
				<string>E7EAD2381D8EAFD700599D88</string>
				<string>E7EAD2431D8EAFD700599D88</string>
			</array>
			<key>isa</key>
			<string>PBXGroup</string>
			<key>name</key>
			<string>Products</string>
			<key>sourceTree</key>
			<string>&lt;group&gt;</string>
		</dict>
		<key>E7EAD2241D8EAFD700599D88</key>
		<dict>
			<key>children</key>
			<array>
				<string>E71B1AA61D99550B004423DE</string>
				<string>E700FAEB1D93C8C900D5718A</string>
				<string>E7469CBA1D92674500FDF686</string>
				<string>E77CAEE31D9016CD000F39BF</string>
				<string>E77CAEE01D901272000F39BF</string>
				<string>E77CAEDF1D901266000F39BF</string>
				<string>E7EAD2251D8EAFD700599D88</string>
				<string>E7EAD2291D8EAFD700599D88</string>
				<string>E7EAD22B1D8EAFD700599D88</string>
				<string>E7EAD22E1D8EAFD700599D88</string>
				<string>E7EAD2331D8EAFD700599D88</string>
				<string>E7EAD2551D8EB7C800599D88</string>
				<string>E7469CBF1D926EF100FDF686</string>
				<string>E77CAED41D8FCD83000F39BF</string>
			</array>
			<key>isa</key>
			<string>PBXGroup</string>
			<key>path</key>
			<string>TimeTracker</string>
			<key>sourceTree</key>
			<string>&lt;group&gt;</string>
		</dict>
		<key>E7EAD2251D8EAFD700599D88</key>
		<dict>
			<key>isa</key>
			<string>PBXFileReference</string>
			<key>lastKnownFileType</key>
			<string>sourcecode.swift</string>
			<key>path</key>
			<string>AppDelegate.swift</string>
			<key>sourceTree</key>
			<string>&lt;group&gt;</string>
		</dict>
		<key>E7EAD2261D8EAFD700599D88</key>
		<dict>
			<key>fileRef</key>
			<string>E7EAD2251D8EAFD700599D88</string>
			<key>isa</key>
			<string>PBXBuildFile</string>
		</dict>
		<key>E7EAD2271D8EAFD700599D88</key>
		<dict>
			<key>isa</key>
			<string>PBXFileReference</string>
			<key>lastKnownFileType</key>
			<string>sourcecode.swift</string>
			<key>path</key>
			<string>TaskListViewController.swift</string>
			<key>sourceTree</key>
			<string>&lt;group&gt;</string>
		</dict>
		<key>E7EAD2281D8EAFD700599D88</key>
		<dict>
			<key>fileRef</key>
			<string>E7EAD2271D8EAFD700599D88</string>
			<key>isa</key>
			<string>PBXBuildFile</string>
		</dict>
		<key>E7EAD2291D8EAFD700599D88</key>
		<dict>
			<key>isa</key>
			<string>PBXFileReference</string>
			<key>lastKnownFileType</key>
			<string>sourcecode.swift</string>
			<key>path</key>
			<string>SecondViewController.swift</string>
			<key>sourceTree</key>
			<string>&lt;group&gt;</string>
		</dict>
		<key>E7EAD22A1D8EAFD700599D88</key>
		<dict>
			<key>fileRef</key>
			<string>E7EAD2291D8EAFD700599D88</string>
			<key>isa</key>
			<string>PBXBuildFile</string>
		</dict>
		<key>E7EAD22B1D8EAFD700599D88</key>
		<dict>
			<key>children</key>
			<array>
				<string>E7EAD22C1D8EAFD700599D88</string>
			</array>
			<key>isa</key>
			<string>PBXVariantGroup</string>
			<key>name</key>
			<string>Main.storyboard</string>
			<key>sourceTree</key>
			<string>&lt;group&gt;</string>
		</dict>
		<key>E7EAD22C1D8EAFD700599D88</key>
		<dict>
			<key>isa</key>
			<string>PBXFileReference</string>
			<key>lastKnownFileType</key>
			<string>file.storyboard</string>
			<key>name</key>
			<string>Base</string>
			<key>path</key>
			<string>Base.lproj/Main.storyboard</string>
			<key>sourceTree</key>
			<string>&lt;group&gt;</string>
		</dict>
		<key>E7EAD22D1D8EAFD700599D88</key>
		<dict>
			<key>fileRef</key>
			<string>E7EAD22B1D8EAFD700599D88</string>
			<key>isa</key>
			<string>PBXBuildFile</string>
		</dict>
		<key>E7EAD22E1D8EAFD700599D88</key>
		<dict>
			<key>isa</key>
			<string>PBXFileReference</string>
			<key>lastKnownFileType</key>
			<string>folder.assetcatalog</string>
			<key>path</key>
			<string>Assets.xcassets</string>
			<key>sourceTree</key>
			<string>&lt;group&gt;</string>
		</dict>
		<key>E7EAD22F1D8EAFD700599D88</key>
		<dict>
			<key>fileRef</key>
			<string>E7EAD22E1D8EAFD700599D88</string>
			<key>isa</key>
			<string>PBXBuildFile</string>
		</dict>
		<key>E7EAD2331D8EAFD700599D88</key>
		<dict>
			<key>isa</key>
			<string>PBXFileReference</string>
			<key>lastKnownFileType</key>
			<string>text.plist.xml</string>
			<key>path</key>
			<string>Info.plist</string>
			<key>sourceTree</key>
			<string>&lt;group&gt;</string>
		</dict>
		<key>E7EAD2341D8EAFD700599D88</key>
		<dict>
			<key>buildActionMask</key>
			<string>2147483647</string>
			<key>files</key>
			<array>
				<string>E744D3B71D910F1200F9825C</string>
				<string>E7C352A81D903CA800E111B1</string>
				<string>E7469CCC1D92AEC400FDF686</string>
				<string>E71B1AA01D9919D6004423DE</string>
				<string>E77CAEEA1D901EF7000F39BF</string>
				<string>E744D3BA1D9121E400F9825C</string>
				<string>E7CEF44D1D8FC8F100A5846F</string>
				<string>E7469CC51D92704B00FDF686</string>
				<string>E71B1AAF1D995968004423DE</string>
			</array>
			<key>isa</key>
			<string>PBXSourcesBuildPhase</string>
			<key>runOnlyForDeploymentPostprocessing</key>
			<string>0</string>
		</dict>
		<key>E7EAD2351D8EAFD700599D88</key>
		<dict>
			<key>buildActionMask</key>
			<string>2147483647</string>
			<key>files</key>
			<array>
				<string>386B68273BCA9CF5C4C1C3B6</string>
			</array>
			<key>isa</key>
			<string>PBXFrameworksBuildPhase</string>
			<key>runOnlyForDeploymentPostprocessing</key>
			<string>0</string>
		</dict>
		<key>E7EAD2361D8EAFD700599D88</key>
		<dict>
			<key>buildActionMask</key>
			<string>2147483647</string>
			<key>files</key>
			<array>
				<string>E7EAD2571D8EB8A300599D88</string>
				<string>E7469CC21D926EFE00FDF686</string>
			</array>
			<key>isa</key>
			<string>PBXResourcesBuildPhase</string>
			<key>runOnlyForDeploymentPostprocessing</key>
			<string>0</string>
		</dict>
		<key>E7EAD2371D8EAFD700599D88</key>
		<dict>
			<key>buildConfigurationList</key>
			<string>E7EAD24F1D8EAFD700599D88</string>
			<key>buildPhases</key>
			<array>
				<string>18969DBBB7A7A68808674726</string>
				<string>E7EAD2341D8EAFD700599D88</string>
				<string>E7EAD2351D8EAFD700599D88</string>
				<string>E7EAD2361D8EAFD700599D88</string>
				<string>AB1C235B722F805FA170B905</string>
				<string>2FB09E6375B07582951F9EF0</string>
			</array>
			<key>buildRules</key>
			<array/>
			<key>dependencies</key>
			<array>
				<string>E7EAD23A1D8EAFD700599D88</string>
			</array>
			<key>isa</key>
			<string>PBXNativeTarget</string>
			<key>name</key>
			<string>TimeTrackerTests</string>
			<key>productName</key>
			<string>TimeTrackerTests</string>
			<key>productReference</key>
			<string>E7EAD2381D8EAFD700599D88</string>
			<key>productType</key>
			<string>com.apple.product-type.bundle.unit-test</string>
		</dict>
		<key>E7EAD2381D8EAFD700599D88</key>
		<dict>
			<key>explicitFileType</key>
			<string>wrapper.cfbundle</string>
			<key>includeInIndex</key>
			<string>0</string>
			<key>isa</key>
			<string>PBXFileReference</string>
			<key>path</key>
			<string>TimeTrackerTests.xctest</string>
			<key>sourceTree</key>
			<string>BUILT_PRODUCTS_DIR</string>
		</dict>
		<key>E7EAD2391D8EAFD700599D88</key>
		<dict>
			<key>containerPortal</key>
			<string>E7EAD21A1D8EAFD700599D88</string>
			<key>isa</key>
			<string>PBXContainerItemProxy</string>
			<key>proxyType</key>
			<string>1</string>
			<key>remoteGlobalIDString</key>
			<string>E7EAD2211D8EAFD700599D88</string>
			<key>remoteInfo</key>
			<string>TimeTracker</string>
		</dict>
		<key>E7EAD23A1D8EAFD700599D88</key>
		<dict>
			<key>isa</key>
			<string>PBXTargetDependency</string>
			<key>target</key>
			<string>E7EAD2211D8EAFD700599D88</string>
			<key>targetProxy</key>
			<string>E7EAD2391D8EAFD700599D88</string>
		</dict>
		<key>E7EAD23B1D8EAFD700599D88</key>
		<dict>
			<key>children</key>
			<array>
				<string>E71B1AAB1D9958DB004423DE</string>
				<string>E71B1A9E1D9919C9004423DE</string>
				<string>E7469CCA1D92AEA900FDF686</string>
				<string>E7469CC31D92702E00FDF686</string>
				<string>E744D3B81D9121B600F9825C</string>
				<string>E744D3B51D910F0600F9825C</string>
				<string>E7C352A61D903C8D00E111B1</string>
				<string>E7CEF44B1D8FC8BE00A5846F</string>
				<string>E7EAD23E1D8EAFD700599D88</string>
			</array>
			<key>isa</key>
			<string>PBXGroup</string>
			<key>path</key>
			<string>TimeTrackerTests</string>
			<key>sourceTree</key>
			<string>&lt;group&gt;</string>
		</dict>
		<key>E7EAD23E1D8EAFD700599D88</key>
		<dict>
			<key>isa</key>
			<string>PBXFileReference</string>
			<key>lastKnownFileType</key>
			<string>text.plist.xml</string>
			<key>path</key>
			<string>Info.plist</string>
			<key>sourceTree</key>
			<string>&lt;group&gt;</string>
		</dict>
		<key>E7EAD23F1D8EAFD700599D88</key>
		<dict>
			<key>buildActionMask</key>
			<string>2147483647</string>
			<key>files</key>
			<array/>
			<key>isa</key>
			<string>PBXSourcesBuildPhase</string>
			<key>runOnlyForDeploymentPostprocessing</key>
			<string>0</string>
		</dict>
		<key>E7EAD2401D8EAFD700599D88</key>
		<dict>
			<key>buildActionMask</key>
			<string>2147483647</string>
			<key>files</key>
			<array/>
			<key>isa</key>
			<string>PBXFrameworksBuildPhase</string>
			<key>runOnlyForDeploymentPostprocessing</key>
			<string>0</string>
		</dict>
		<key>E7EAD2411D8EAFD700599D88</key>
		<dict>
			<key>buildActionMask</key>
			<string>2147483647</string>
			<key>files</key>
			<array>
				<string>E7EAD2581D8EB8A400599D88</string>
				<string>E7469CC11D926EFE00FDF686</string>
			</array>
			<key>isa</key>
			<string>PBXResourcesBuildPhase</string>
			<key>runOnlyForDeploymentPostprocessing</key>
			<string>0</string>
		</dict>
		<key>E7EAD2421D8EAFD700599D88</key>
		<dict>
			<key>buildConfigurationList</key>
			<string>E7EAD2521D8EAFD700599D88</string>
			<key>buildPhases</key>
			<array>
				<string>CCFAF2DE7506C76C1ABA9100</string>
				<string>E7EAD23F1D8EAFD700599D88</string>
				<string>E7EAD2401D8EAFD700599D88</string>
				<string>E7EAD2411D8EAFD700599D88</string>
				<string>1448A9DA3558A44B29E0457D</string>
			</array>
			<key>buildRules</key>
			<array/>
			<key>dependencies</key>
			<array>
				<string>E7EAD2451D8EAFD700599D88</string>
			</array>
			<key>isa</key>
			<string>PBXNativeTarget</string>
			<key>name</key>
			<string>TimeTrackerUITests</string>
			<key>productName</key>
			<string>TimeTrackerUITests</string>
			<key>productReference</key>
			<string>E7EAD2431D8EAFD700599D88</string>
			<key>productType</key>
			<string>com.apple.product-type.bundle.ui-testing</string>
		</dict>
		<key>E7EAD2431D8EAFD700599D88</key>
		<dict>
			<key>explicitFileType</key>
			<string>wrapper.cfbundle</string>
			<key>includeInIndex</key>
			<string>0</string>
			<key>isa</key>
			<string>PBXFileReference</string>
			<key>path</key>
			<string>TimeTrackerUITests.xctest</string>
			<key>sourceTree</key>
			<string>BUILT_PRODUCTS_DIR</string>
		</dict>
		<key>E7EAD2441D8EAFD700599D88</key>
		<dict>
			<key>containerPortal</key>
			<string>E7EAD21A1D8EAFD700599D88</string>
			<key>isa</key>
			<string>PBXContainerItemProxy</string>
			<key>proxyType</key>
			<string>1</string>
			<key>remoteGlobalIDString</key>
			<string>E7EAD2211D8EAFD700599D88</string>
			<key>remoteInfo</key>
			<string>TimeTracker</string>
		</dict>
		<key>E7EAD2451D8EAFD700599D88</key>
		<dict>
			<key>isa</key>
			<string>PBXTargetDependency</string>
			<key>target</key>
			<string>E7EAD2211D8EAFD700599D88</string>
			<key>targetProxy</key>
			<string>E7EAD2441D8EAFD700599D88</string>
		</dict>
		<key>E7EAD24A1D8EAFD700599D88</key>
		<dict>
			<key>buildSettings</key>
			<dict>
				<key>ALWAYS_SEARCH_USER_PATHS</key>
				<string>NO</string>
				<key>CLANG_ANALYZER_NONNULL</key>
				<string>YES</string>
				<key>CLANG_CXX_LANGUAGE_STANDARD</key>
				<string>gnu++0x</string>
				<key>CLANG_CXX_LIBRARY</key>
				<string>libc++</string>
				<key>CLANG_ENABLE_MODULES</key>
				<string>YES</string>
				<key>CLANG_ENABLE_OBJC_ARC</key>
				<string>YES</string>
				<key>CLANG_WARN_BOOL_CONVERSION</key>
				<string>YES</string>
				<key>CLANG_WARN_CONSTANT_CONVERSION</key>
				<string>YES</string>
				<key>CLANG_WARN_DIRECT_OBJC_ISA_USAGE</key>
				<string>YES_ERROR</string>
				<key>CLANG_WARN_DOCUMENTATION_COMMENTS</key>
				<string>YES</string>
				<key>CLANG_WARN_EMPTY_BODY</key>
				<string>YES</string>
				<key>CLANG_WARN_ENUM_CONVERSION</key>
				<string>YES</string>
				<key>CLANG_WARN_INFINITE_RECURSION</key>
				<string>YES</string>
				<key>CLANG_WARN_INT_CONVERSION</key>
				<string>YES</string>
				<key>CLANG_WARN_OBJC_ROOT_CLASS</key>
				<string>YES_ERROR</string>
				<key>CLANG_WARN_SUSPICIOUS_MOVES</key>
				<string>YES</string>
				<key>CLANG_WARN_UNREACHABLE_CODE</key>
				<string>YES</string>
				<key>CLANG_WARN__DUPLICATE_METHOD_MATCH</key>
				<string>YES</string>
				<key>CODE_SIGN_IDENTITY[sdk=iphoneos*]</key>
				<string>iPhone Developer</string>
				<key>COPY_PHASE_STRIP</key>
				<string>NO</string>
				<key>DEBUG_INFORMATION_FORMAT</key>
				<string>dwarf</string>
				<key>ENABLE_STRICT_OBJC_MSGSEND</key>
				<string>YES</string>
				<key>ENABLE_TESTABILITY</key>
				<string>YES</string>
				<key>GCC_C_LANGUAGE_STANDARD</key>
				<string>gnu99</string>
				<key>GCC_DYNAMIC_NO_PIC</key>
				<string>NO</string>
				<key>GCC_NO_COMMON_BLOCKS</key>
				<string>YES</string>
				<key>GCC_OPTIMIZATION_LEVEL</key>
				<string>0</string>
				<key>GCC_PREPROCESSOR_DEFINITIONS</key>
				<array>
					<string>DEBUG=1</string>
					<string>$(inherited)</string>
				</array>
				<key>GCC_WARN_64_TO_32_BIT_CONVERSION</key>
				<string>YES</string>
				<key>GCC_WARN_ABOUT_RETURN_TYPE</key>
				<string>YES_ERROR</string>
				<key>GCC_WARN_UNDECLARED_SELECTOR</key>
				<string>YES</string>
				<key>GCC_WARN_UNINITIALIZED_AUTOS</key>
				<string>YES_AGGRESSIVE</string>
				<key>GCC_WARN_UNUSED_FUNCTION</key>
				<string>YES</string>
				<key>GCC_WARN_UNUSED_VARIABLE</key>
				<string>YES</string>
				<key>IPHONEOS_DEPLOYMENT_TARGET</key>
				<string>10.0</string>
				<key>MTL_ENABLE_DEBUG_INFO</key>
				<string>YES</string>
				<key>ONLY_ACTIVE_ARCH</key>
				<string>YES</string>
				<key>SDKROOT</key>
				<string>iphoneos</string>
				<key>SWIFT_ACTIVE_COMPILATION_CONDITIONS</key>
				<string>DEBUG</string>
				<key>SWIFT_OPTIMIZATION_LEVEL</key>
				<string>-Onone</string>
			</dict>
			<key>isa</key>
			<string>XCBuildConfiguration</string>
			<key>name</key>
			<string>Debug</string>
		</dict>
		<key>E7EAD24B1D8EAFD700599D88</key>
		<dict>
			<key>buildSettings</key>
			<dict>
				<key>ALWAYS_SEARCH_USER_PATHS</key>
				<string>NO</string>
				<key>CLANG_ANALYZER_NONNULL</key>
				<string>YES</string>
				<key>CLANG_CXX_LANGUAGE_STANDARD</key>
				<string>gnu++0x</string>
				<key>CLANG_CXX_LIBRARY</key>
				<string>libc++</string>
				<key>CLANG_ENABLE_MODULES</key>
				<string>YES</string>
				<key>CLANG_ENABLE_OBJC_ARC</key>
				<string>YES</string>
				<key>CLANG_WARN_BOOL_CONVERSION</key>
				<string>YES</string>
				<key>CLANG_WARN_CONSTANT_CONVERSION</key>
				<string>YES</string>
				<key>CLANG_WARN_DIRECT_OBJC_ISA_USAGE</key>
				<string>YES_ERROR</string>
				<key>CLANG_WARN_DOCUMENTATION_COMMENTS</key>
				<string>YES</string>
				<key>CLANG_WARN_EMPTY_BODY</key>
				<string>YES</string>
				<key>CLANG_WARN_ENUM_CONVERSION</key>
				<string>YES</string>
				<key>CLANG_WARN_INFINITE_RECURSION</key>
				<string>YES</string>
				<key>CLANG_WARN_INT_CONVERSION</key>
				<string>YES</string>
				<key>CLANG_WARN_OBJC_ROOT_CLASS</key>
				<string>YES_ERROR</string>
				<key>CLANG_WARN_SUSPICIOUS_MOVES</key>
				<string>YES</string>
				<key>CLANG_WARN_UNREACHABLE_CODE</key>
				<string>YES</string>
				<key>CLANG_WARN__DUPLICATE_METHOD_MATCH</key>
				<string>YES</string>
				<key>CODE_SIGN_IDENTITY[sdk=iphoneos*]</key>
				<string>iPhone Developer</string>
				<key>COPY_PHASE_STRIP</key>
				<string>NO</string>
				<key>DEBUG_INFORMATION_FORMAT</key>
				<string>dwarf-with-dsym</string>
				<key>ENABLE_NS_ASSERTIONS</key>
				<string>NO</string>
				<key>ENABLE_STRICT_OBJC_MSGSEND</key>
				<string>YES</string>
				<key>GCC_C_LANGUAGE_STANDARD</key>
				<string>gnu99</string>
				<key>GCC_NO_COMMON_BLOCKS</key>
				<string>YES</string>
				<key>GCC_WARN_64_TO_32_BIT_CONVERSION</key>
				<string>YES</string>
				<key>GCC_WARN_ABOUT_RETURN_TYPE</key>
				<string>YES_ERROR</string>
				<key>GCC_WARN_UNDECLARED_SELECTOR</key>
				<string>YES</string>
				<key>GCC_WARN_UNINITIALIZED_AUTOS</key>
				<string>YES_AGGRESSIVE</string>
				<key>GCC_WARN_UNUSED_FUNCTION</key>
				<string>YES</string>
				<key>GCC_WARN_UNUSED_VARIABLE</key>
				<string>YES</string>
				<key>IPHONEOS_DEPLOYMENT_TARGET</key>
				<string>10.0</string>
				<key>MTL_ENABLE_DEBUG_INFO</key>
				<string>NO</string>
				<key>SDKROOT</key>
				<string>iphoneos</string>
				<key>SWIFT_OPTIMIZATION_LEVEL</key>
				<string>-Owholemodule</string>
				<key>VALIDATE_PRODUCT</key>
				<string>YES</string>
			</dict>
			<key>isa</key>
			<string>XCBuildConfiguration</string>
			<key>name</key>
			<string>Release</string>
		</dict>
		<key>E7EAD24C1D8EAFD700599D88</key>
		<dict>
			<key>buildConfigurations</key>
			<array>
				<string>E7EAD24D1D8EAFD700599D88</string>
				<string>E7EAD24E1D8EAFD700599D88</string>
			</array>
			<key>defaultConfigurationIsVisible</key>
			<string>0</string>
			<key>defaultConfigurationName</key>
			<string>Release</string>
			<key>isa</key>
			<string>XCConfigurationList</string>
		</dict>
		<key>E7EAD24D1D8EAFD700599D88</key>
		<dict>
			<key>baseConfigurationReference</key>
			<string>B11979CA0ACF72BD3F0EC4C4</string>
			<key>buildSettings</key>
			<dict>
				<key>ASSETCATALOG_COMPILER_APPICON_NAME</key>
				<string>AppIcon</string>
				<key>CODE_SIGN_ENTITLEMENTS</key>
				<string>TimeTracker/TimeTracker.entitlements</string>
				<key>DEVELOPMENT_TEAM</key>
				<string>G4F2QAB3HL</string>
				<key>INFOPLIST_FILE</key>
				<string>TimeTracker/Info.plist</string>
				<key>LD_RUNPATH_SEARCH_PATHS</key>
				<string>$(inherited) @executable_path/Frameworks</string>
				<key>PRODUCT_BUNDLE_IDENTIFIER</key>
				<string>pl.timetracker.TimeTracker</string>
				<key>PRODUCT_NAME</key>
				<string>$(TARGET_NAME)</string>
				<key>SWIFT_VERSION</key>
				<string>3.0</string>
			</dict>
			<key>isa</key>
			<string>XCBuildConfiguration</string>
			<key>name</key>
			<string>Debug</string>
		</dict>
		<key>E7EAD24E1D8EAFD700599D88</key>
		<dict>
			<key>baseConfigurationReference</key>
			<string>AEED4B187D8E7DD5699366CB</string>
			<key>buildSettings</key>
			<dict>
				<key>ASSETCATALOG_COMPILER_APPICON_NAME</key>
				<string>AppIcon</string>
				<key>CODE_SIGN_ENTITLEMENTS</key>
				<string>TimeTracker/TimeTracker.entitlements</string>
				<key>DEVELOPMENT_TEAM</key>
				<string>G4F2QAB3HL</string>
				<key>INFOPLIST_FILE</key>
				<string>TimeTracker/Info.plist</string>
				<key>LD_RUNPATH_SEARCH_PATHS</key>
				<string>$(inherited) @executable_path/Frameworks</string>
				<key>PRODUCT_BUNDLE_IDENTIFIER</key>
				<string>pl.timetracker.TimeTracker</string>
				<key>PRODUCT_NAME</key>
				<string>$(TARGET_NAME)</string>
				<key>SWIFT_VERSION</key>
				<string>3.0</string>
			</dict>
			<key>isa</key>
			<string>XCBuildConfiguration</string>
			<key>name</key>
			<string>Release</string>
		</dict>
		<key>E7EAD24F1D8EAFD700599D88</key>
		<dict>
			<key>buildConfigurations</key>
			<array>
				<string>E7EAD2501D8EAFD700599D88</string>
				<string>E7EAD2511D8EAFD700599D88</string>
			</array>
			<key>defaultConfigurationIsVisible</key>
			<string>0</string>
			<key>defaultConfigurationName</key>
			<string>Release</string>
			<key>isa</key>
			<string>XCConfigurationList</string>
		</dict>
		<key>E7EAD2501D8EAFD700599D88</key>
		<dict>
			<key>baseConfigurationReference</key>
			<string>69A8300DEC2FAEEADAC8A737</string>
			<key>buildSettings</key>
			<dict>
				<key>ALWAYS_EMBED_SWIFT_STANDARD_LIBRARIES</key>
				<string>YES</string>
				<key>BUNDLE_LOADER</key>
				<string>$(TEST_HOST)</string>
				<key>DEVELOPMENT_TEAM</key>
				<string>G4F2QAB3HL</string>
				<key>INFOPLIST_FILE</key>
				<string>TimeTrackerTests/Info.plist</string>
				<key>LD_RUNPATH_SEARCH_PATHS</key>
				<string>$(inherited) @executable_path/Frameworks @loader_path/Frameworks</string>
				<key>PRODUCT_BUNDLE_IDENTIFIER</key>
				<string>pl.timetracker.TimeTrackerTests</string>
				<key>PRODUCT_NAME</key>
				<string>$(TARGET_NAME)</string>
				<key>SWIFT_VERSION</key>
				<string>3.0</string>
				<key>TEST_HOST</key>
				<string>$(BUILT_PRODUCTS_DIR)/TimeTracker.app/TimeTracker</string>
			</dict>
			<key>isa</key>
			<string>XCBuildConfiguration</string>
			<key>name</key>
			<string>Debug</string>
		</dict>
		<key>E7EAD2511D8EAFD700599D88</key>
		<dict>
			<key>baseConfigurationReference</key>
			<string>007231B90E17BE55C4D58BE1</string>
			<key>buildSettings</key>
			<dict>
				<key>ALWAYS_EMBED_SWIFT_STANDARD_LIBRARIES</key>
				<string>YES</string>
				<key>BUNDLE_LOADER</key>
				<string>$(TEST_HOST)</string>
				<key>DEVELOPMENT_TEAM</key>
				<string>G4F2QAB3HL</string>
				<key>INFOPLIST_FILE</key>
				<string>TimeTrackerTests/Info.plist</string>
				<key>LD_RUNPATH_SEARCH_PATHS</key>
				<string>$(inherited) @executable_path/Frameworks @loader_path/Frameworks</string>
				<key>PRODUCT_BUNDLE_IDENTIFIER</key>
				<string>pl.timetracker.TimeTrackerTests</string>
				<key>PRODUCT_NAME</key>
				<string>$(TARGET_NAME)</string>
				<key>SWIFT_VERSION</key>
				<string>3.0</string>
				<key>TEST_HOST</key>
				<string>$(BUILT_PRODUCTS_DIR)/TimeTracker.app/TimeTracker</string>
			</dict>
			<key>isa</key>
			<string>XCBuildConfiguration</string>
			<key>name</key>
			<string>Release</string>
		</dict>
		<key>E7EAD2521D8EAFD700599D88</key>
		<dict>
			<key>buildConfigurations</key>
			<array>
				<string>E7EAD2531D8EAFD700599D88</string>
				<string>E7EAD2541D8EAFD700599D88</string>
			</array>
			<key>defaultConfigurationIsVisible</key>
			<string>0</string>
			<key>defaultConfigurationName</key>
			<string>Release</string>
			<key>isa</key>
			<string>XCConfigurationList</string>
		</dict>
		<key>E7EAD2531D8EAFD700599D88</key>
		<dict>
			<key>buildSettings</key>
			<dict>
				<key>ALWAYS_EMBED_SWIFT_STANDARD_LIBRARIES</key>
				<string>YES</string>
				<key>DEVELOPMENT_TEAM</key>
				<string>G4F2QAB3HL</string>
				<key>INFOPLIST_FILE</key>
				<string>TimeTrackerUITests/Info.plist</string>
				<key>LD_RUNPATH_SEARCH_PATHS</key>
				<string>$(inherited) @executable_path/Frameworks @loader_path/Frameworks</string>
				<key>PRODUCT_BUNDLE_IDENTIFIER</key>
				<string>pl.timetracker.TimeTrackerUITests</string>
				<key>PRODUCT_NAME</key>
				<string>$(TARGET_NAME)</string>
				<key>SWIFT_VERSION</key>
				<string>3.0</string>
				<key>TEST_TARGET_NAME</key>
				<string>TimeTracker</string>
			</dict>
			<key>isa</key>
			<string>XCBuildConfiguration</string>
			<key>name</key>
			<string>Debug</string>
		</dict>
		<key>E7EAD2541D8EAFD700599D88</key>
		<dict>
			<key>buildSettings</key>
			<dict>
				<key>ALWAYS_EMBED_SWIFT_STANDARD_LIBRARIES</key>
				<string>YES</string>
				<key>DEVELOPMENT_TEAM</key>
				<string>G4F2QAB3HL</string>
				<key>INFOPLIST_FILE</key>
				<string>TimeTrackerUITests/Info.plist</string>
				<key>LD_RUNPATH_SEARCH_PATHS</key>
				<string>$(inherited) @executable_path/Frameworks @loader_path/Frameworks</string>
				<key>PRODUCT_BUNDLE_IDENTIFIER</key>
				<string>pl.timetracker.TimeTrackerUITests</string>
				<key>PRODUCT_NAME</key>
				<string>$(TARGET_NAME)</string>
				<key>SWIFT_VERSION</key>
				<string>3.0</string>
				<key>TEST_TARGET_NAME</key>
				<string>TimeTracker</string>
			</dict>
			<key>isa</key>
			<string>XCBuildConfiguration</string>
			<key>name</key>
			<string>Release</string>
		</dict>
		<key>E7EAD2551D8EB7C800599D88</key>
		<dict>
			<key>fileEncoding</key>
			<string>4</string>
			<key>isa</key>
			<string>PBXFileReference</string>
			<key>lastKnownFileType</key>
			<string>text.plist.xml</string>
			<key>name</key>
			<string>GoogleService-Info.plist</string>
			<key>path</key>
			<string>../../../../Downloads/GoogleService-Info.plist</string>
			<key>sourceTree</key>
			<string>&lt;group&gt;</string>
		</dict>
		<key>E7EAD2561D8EB7C800599D88</key>
		<dict>
			<key>fileRef</key>
			<string>E7EAD2551D8EB7C800599D88</string>
			<key>isa</key>
			<string>PBXBuildFile</string>
		</dict>
		<key>E7EAD2571D8EB8A300599D88</key>
		<dict>
			<key>fileRef</key>
			<string>E7EAD2551D8EB7C800599D88</string>
			<key>isa</key>
			<string>PBXBuildFile</string>
		</dict>
		<key>E7EAD2581D8EB8A400599D88</key>
		<dict>
			<key>fileRef</key>
			<string>E7EAD2551D8EB7C800599D88</string>
			<key>isa</key>
			<string>PBXBuildFile</string>
		</dict>
		<key>ECCFAA7F6D1B19716454B4D2</key>
		<dict>
			<key>explicitFileType</key>
			<string>wrapper.framework</string>
			<key>includeInIndex</key>
			<string>0</string>
			<key>isa</key>
			<string>PBXFileReference</string>
			<key>path</key>
			<string>Pods_TimeTracker.framework</string>
			<key>sourceTree</key>
			<string>BUILT_PRODUCTS_DIR</string>
		</dict>
	</dict>
	<key>rootObject</key>
	<string>E7EAD21A1D8EAFD700599D88</string>
</dict>
</plist>
