// !$*UTF8*$!
{
	archiveVersion = 1;
	classes = {
	};
	objectVersion = 46;
	objects = {

/* Begin PBXBuildFile section */
		386B68273BCA9CF5C4C1C3B6 /* Pods_TimeTrackerTests.framework in Frameworks */ = {isa = PBXBuildFile; fileRef = A01FDC2AA9D663506DE0D6F5 /* Pods_TimeTrackerTests.framework */; };
		757424426B5CA8EAA8419895 /* Pods_TimeTracker.framework in Frameworks */ = {isa = PBXBuildFile; fileRef = ECCFAA7F6D1B19716454B4D2 /* Pods_TimeTracker.framework */; };
		E702D1611D962914002A64E3 /* TaskService.swift in Sources */ = {isa = PBXBuildFile; fileRef = E702D1601D962914002A64E3 /* TaskService.swift */; };
		E702D1631D963F20002A64E3 /* TaskCollection.swift in Sources */ = {isa = PBXBuildFile; fileRef = E702D1621D963F20002A64E3 /* TaskCollection.swift */; };
		E71B1AA01D9919D6004423DE /* TaskSessionTests.swift in Sources */ = {isa = PBXBuildFile; fileRef = E71B1A9F1D9919D6004423DE /* TaskSessionTests.swift */; };
		E71B1AA81D995520004423DE /* TimeFormatter.swift in Sources */ = {isa = PBXBuildFile; fileRef = E71B1AA71D995520004423DE /* TimeFormatter.swift */; };
		E71B1AAF1D995968004423DE /* TimeFormatterTests.swift in Sources */ = {isa = PBXBuildFile; fileRef = E71B1AAE1D995968004423DE /* TimeFormatterTests.swift */; };
		E722CAFD1D96ACE300ED6DC4 /* TaskServiceProtocol.swift in Sources */ = {isa = PBXBuildFile; fileRef = E722CAFC1D96ACE300ED6DC4 /* TaskServiceProtocol.swift */; };
		E744D3B71D910F1200F9825C /* Constants.swift in Sources */ = {isa = PBXBuildFile; fileRef = E744D3B61D910F1200F9825C /* Constants.swift */; };
		E744D3BA1D9121E400F9825C /* SignUpViewControllerTest.swift in Sources */ = {isa = PBXBuildFile; fileRef = E744D3B91D9121E400F9825C /* SignUpViewControllerTest.swift */; };
		E7469CC01D926EF100FDF686 /* TaskColors.plist in Resources */ = {isa = PBXBuildFile; fileRef = E7469CBF1D926EF100FDF686 /* TaskColors.plist */; };
		E7469CC11D926EFE00FDF686 /* TaskColors.plist in Resources */ = {isa = PBXBuildFile; fileRef = E7469CBF1D926EF100FDF686 /* TaskColors.plist */; };
		E7469CC21D926EFE00FDF686 /* TaskColors.plist in Resources */ = {isa = PBXBuildFile; fileRef = E7469CBF1D926EF100FDF686 /* TaskColors.plist */; };
		E7469CC51D92704B00FDF686 /* AddTaskViewControllerTests.swift in Sources */ = {isa = PBXBuildFile; fileRef = E7469CC41D92704B00FDF686 /* AddTaskViewControllerTests.swift */; };
		E7469CC71D927EE300FDF686 /* AddTaskCellCollectionViewCell.swift in Sources */ = {isa = PBXBuildFile; fileRef = E7469CC61D927EE300FDF686 /* AddTaskCellCollectionViewCell.swift */; };
		E7469CC91D92A18F00FDF686 /* Task.swift in Sources */ = {isa = PBXBuildFile; fileRef = E7469CC81D92A18F00FDF686 /* Task.swift */; };
		E7469CCC1D92AEC400FDF686 /* TaskListViewControllerTest.swift in Sources */ = {isa = PBXBuildFile; fileRef = E7469CCB1D92AEC400FDF686 /* TaskListViewControllerTest.swift */; };
		E7469CCF1D92B0B600FDF686 /* TaskCell.swift in Sources */ = {isa = PBXBuildFile; fileRef = E7469CCD1D92B0B600FDF686 /* TaskCell.swift */; };
		E7469CD01D92B0B600FDF686 /* TaskCell.xib in Resources */ = {isa = PBXBuildFile; fileRef = E7469CCE1D92B0B600FDF686 /* TaskCell.xib */; };
		E7474B231D9A910300A82370 /* UIConsts.swift in Sources */ = {isa = PBXBuildFile; fileRef = E7474B221D9A910300A82370 /* UIConsts.swift */; };
		E77CAED51D8FCD83000F39BF /* LaunchScreen.storyboard in Resources */ = {isa = PBXBuildFile; fileRef = E77CAED41D8FCD83000F39BF /* LaunchScreen.storyboard */; };
		E77CAED81D8FCE63000F39BF /* SplashViewController.swift in Sources */ = {isa = PBXBuildFile; fileRef = E77CAED71D8FCE63000F39BF /* SplashViewController.swift */; };
		E77CAEDB1D8FF8C5000F39BF /* LoginViewController.swift in Sources */ = {isa = PBXBuildFile; fileRef = E77CAEDA1D8FF8C5000F39BF /* LoginViewController.swift */; };
		E77CAEDE1D9001DF000F39BF /* SignUpViewController.swift in Sources */ = {isa = PBXBuildFile; fileRef = E77CAEDD1D9001DF000F39BF /* SignUpViewController.swift */; };
		E77CAEE21D901280000F39BF /* User.swift in Sources */ = {isa = PBXBuildFile; fileRef = E77CAEE11D901280000F39BF /* User.swift */; };
		E77CAEE51D9016DB000F39BF /* FIRService.swift in Sources */ = {isa = PBXBuildFile; fileRef = E77CAEE41D9016DB000F39BF /* FIRService.swift */; };
		E77CAEE81D9017F2000F39BF /* FIRProtocol.swift in Sources */ = {isa = PBXBuildFile; fileRef = E77CAEE71D9017F2000F39BF /* FIRProtocol.swift */; };
		E77CAEEA1D901EF7000F39BF /* FIRServiceMock.swift in Sources */ = {isa = PBXBuildFile; fileRef = E77CAEE91D901EF7000F39BF /* FIRServiceMock.swift */; };
		E77F26491D916DEB001073E9 /* AddTaskViewController.swift in Sources */ = {isa = PBXBuildFile; fileRef = E77F26481D916DEB001073E9 /* AddTaskViewController.swift */; };
		E785B5051D96A702003E6F87 /* TaskServiceDelegate.swift in Sources */ = {isa = PBXBuildFile; fileRef = E785B5041D96A702003E6F87 /* TaskServiceDelegate.swift */; };
		E796FC271D9BDA4D00644E0F /* GoogleService-Info.plist in Resources */ = {isa = PBXBuildFile; fileRef = E796FC261D9BDA4D00644E0F /* GoogleService-Info.plist */; };
		E796FC281D9BDA4D00644E0F /* GoogleService-Info.plist in Resources */ = {isa = PBXBuildFile; fileRef = E796FC261D9BDA4D00644E0F /* GoogleService-Info.plist */; };
		E7C32BC91D9ABD9100C22EE6 /* FIRConsts.swift in Sources */ = {isa = PBXBuildFile; fileRef = E7C32BC81D9ABD9100C22EE6 /* FIRConsts.swift */; };
		E7C352A81D903CA800E111B1 /* LoginViewControllerTests.swift in Sources */ = {isa = PBXBuildFile; fileRef = E7C352A71D903CA800E111B1 /* LoginViewControllerTests.swift */; };
		E7CEF44D1D8FC8F100A5846F /* SplashViewControllerTests.swift in Sources */ = {isa = PBXBuildFile; fileRef = E7CEF44C1D8FC8F100A5846F /* SplashViewControllerTests.swift */; };
		E7E6E16D1D95133100794A82 /* TaskSession.swift in Sources */ = {isa = PBXBuildFile; fileRef = E7E6E16C1D95133100794A82 /* TaskSession.swift */; };
		E7EAD2261D8EAFD700599D88 /* AppDelegate.swift in Sources */ = {isa = PBXBuildFile; fileRef = E7EAD2251D8EAFD700599D88 /* AppDelegate.swift */; };
		E7EAD2281D8EAFD700599D88 /* TaskListViewController.swift in Sources */ = {isa = PBXBuildFile; fileRef = E7EAD2271D8EAFD700599D88 /* TaskListViewController.swift */; };
		E7EAD22A1D8EAFD700599D88 /* SecondViewController.swift in Sources */ = {isa = PBXBuildFile; fileRef = E7EAD2291D8EAFD700599D88 /* SecondViewController.swift */; };
		E7EAD22D1D8EAFD700599D88 /* Main.storyboard in Resources */ = {isa = PBXBuildFile; fileRef = E7EAD22B1D8EAFD700599D88 /* Main.storyboard */; };
		E7EAD22F1D8EAFD700599D88 /* Assets.xcassets in Resources */ = {isa = PBXBuildFile; fileRef = E7EAD22E1D8EAFD700599D88 /* Assets.xcassets */; };
/* End PBXBuildFile section */

/* Begin PBXContainerItemProxy section */
		E7EAD2391D8EAFD700599D88 /* PBXContainerItemProxy */ = {
			isa = PBXContainerItemProxy;
			containerPortal = E7EAD21A1D8EAFD700599D88 /* Project object */;
			proxyType = 1;
			remoteGlobalIDString = E7EAD2211D8EAFD700599D88;
			remoteInfo = TimeTracker;
		};
		E7EAD2441D8EAFD700599D88 /* PBXContainerItemProxy */ = {
			isa = PBXContainerItemProxy;
			containerPortal = E7EAD21A1D8EAFD700599D88 /* Project object */;
			proxyType = 1;
			remoteGlobalIDString = E7EAD2211D8EAFD700599D88;
			remoteInfo = TimeTracker;
		};
/* End PBXContainerItemProxy section */

/* Begin PBXFileReference section */
		007231B90E17BE55C4D58BE1 /* Pods-TimeTrackerTests.release.xcconfig */ = {isa = PBXFileReference; includeInIndex = 1; lastKnownFileType = text.xcconfig; name = "Pods-TimeTrackerTests.release.xcconfig"; path = "Pods/Target Support Files/Pods-TimeTrackerTests/Pods-TimeTrackerTests.release.xcconfig"; sourceTree = "<group>"; };
		69A8300DEC2FAEEADAC8A737 /* Pods-TimeTrackerTests.debug.xcconfig */ = {isa = PBXFileReference; includeInIndex = 1; lastKnownFileType = text.xcconfig; name = "Pods-TimeTrackerTests.debug.xcconfig"; path = "Pods/Target Support Files/Pods-TimeTrackerTests/Pods-TimeTrackerTests.debug.xcconfig"; sourceTree = "<group>"; };
		A01FDC2AA9D663506DE0D6F5 /* Pods_TimeTrackerTests.framework */ = {isa = PBXFileReference; explicitFileType = wrapper.framework; includeInIndex = 0; path = Pods_TimeTrackerTests.framework; sourceTree = BUILT_PRODUCTS_DIR; };
		AEED4B187D8E7DD5699366CB /* Pods-TimeTracker.release.xcconfig */ = {isa = PBXFileReference; includeInIndex = 1; lastKnownFileType = text.xcconfig; name = "Pods-TimeTracker.release.xcconfig"; path = "Pods/Target Support Files/Pods-TimeTracker/Pods-TimeTracker.release.xcconfig"; sourceTree = "<group>"; };
		B11979CA0ACF72BD3F0EC4C4 /* Pods-TimeTracker.debug.xcconfig */ = {isa = PBXFileReference; includeInIndex = 1; lastKnownFileType = text.xcconfig; name = "Pods-TimeTracker.debug.xcconfig"; path = "Pods/Target Support Files/Pods-TimeTracker/Pods-TimeTracker.debug.xcconfig"; sourceTree = "<group>"; };
		E700FAEB1D93C8C900D5718A /* TimeTracker.entitlements */ = {isa = PBXFileReference; lastKnownFileType = text.plist.entitlements; path = TimeTracker.entitlements; sourceTree = "<group>"; };
		E702D1601D962914002A64E3 /* TaskService.swift */ = {isa = PBXFileReference; fileEncoding = 4; lastKnownFileType = sourcecode.swift; path = TaskService.swift; sourceTree = "<group>"; };
		E702D1621D963F20002A64E3 /* TaskCollection.swift */ = {isa = PBXFileReference; fileEncoding = 4; lastKnownFileType = sourcecode.swift; path = TaskCollection.swift; sourceTree = "<group>"; };
		E71B1A9F1D9919D6004423DE /* TaskSessionTests.swift */ = {isa = PBXFileReference; fileEncoding = 4; lastKnownFileType = sourcecode.swift; path = TaskSessionTests.swift; sourceTree = "<group>"; };
		E71B1AA71D995520004423DE /* TimeFormatter.swift */ = {isa = PBXFileReference; fileEncoding = 4; lastKnownFileType = sourcecode.swift; path = TimeFormatter.swift; sourceTree = "<group>"; };
		E71B1AAE1D995968004423DE /* TimeFormatterTests.swift */ = {isa = PBXFileReference; fileEncoding = 4; lastKnownFileType = sourcecode.swift; path = TimeFormatterTests.swift; sourceTree = "<group>"; };
		E722CAFC1D96ACE300ED6DC4 /* TaskServiceProtocol.swift */ = {isa = PBXFileReference; fileEncoding = 4; lastKnownFileType = sourcecode.swift; path = TaskServiceProtocol.swift; sourceTree = "<group>"; };
		E744D3B61D910F1200F9825C /* Constants.swift */ = {isa = PBXFileReference; fileEncoding = 4; lastKnownFileType = sourcecode.swift; path = Constants.swift; sourceTree = "<group>"; };
		E744D3B91D9121E400F9825C /* SignUpViewControllerTest.swift */ = {isa = PBXFileReference; fileEncoding = 4; lastKnownFileType = sourcecode.swift; path = SignUpViewControllerTest.swift; sourceTree = "<group>"; };
		E7469CBF1D926EF100FDF686 /* TaskColors.plist */ = {isa = PBXFileReference; fileEncoding = 4; lastKnownFileType = text.plist.xml; name = TaskColors.plist; path = ../TaskColors.plist; sourceTree = "<group>"; };
		E7469CC41D92704B00FDF686 /* AddTaskViewControllerTests.swift */ = {isa = PBXFileReference; fileEncoding = 4; lastKnownFileType = sourcecode.swift; path = AddTaskViewControllerTests.swift; sourceTree = "<group>"; };
		E7469CC61D927EE300FDF686 /* AddTaskCellCollectionViewCell.swift */ = {isa = PBXFileReference; fileEncoding = 4; lastKnownFileType = sourcecode.swift; path = AddTaskCellCollectionViewCell.swift; sourceTree = "<group>"; };
		E7469CC81D92A18F00FDF686 /* Task.swift */ = {isa = PBXFileReference; fileEncoding = 4; lastKnownFileType = sourcecode.swift; path = Task.swift; sourceTree = "<group>"; };
		E7469CCB1D92AEC400FDF686 /* TaskListViewControllerTest.swift */ = {isa = PBXFileReference; fileEncoding = 4; lastKnownFileType = sourcecode.swift; path = TaskListViewControllerTest.swift; sourceTree = "<group>"; };
		E7469CCD1D92B0B600FDF686 /* TaskCell.swift */ = {isa = PBXFileReference; fileEncoding = 4; lastKnownFileType = sourcecode.swift; path = TaskCell.swift; sourceTree = "<group>"; };
		E7469CCE1D92B0B600FDF686 /* TaskCell.xib */ = {isa = PBXFileReference; fileEncoding = 4; lastKnownFileType = file.xib; path = TaskCell.xib; sourceTree = "<group>"; };
		E7474B221D9A910300A82370 /* UIConsts.swift */ = {isa = PBXFileReference; fileEncoding = 4; lastKnownFileType = sourcecode.swift; path = UIConsts.swift; sourceTree = "<group>"; };
		E77CAED41D8FCD83000F39BF /* LaunchScreen.storyboard */ = {isa = PBXFileReference; fileEncoding = 4; lastKnownFileType = file.storyboard; path = LaunchScreen.storyboard; sourceTree = "<group>"; };
		E77CAED71D8FCE63000F39BF /* SplashViewController.swift */ = {isa = PBXFileReference; fileEncoding = 4; lastKnownFileType = sourcecode.swift; path = SplashViewController.swift; sourceTree = "<group>"; };
		E77CAEDA1D8FF8C5000F39BF /* LoginViewController.swift */ = {isa = PBXFileReference; fileEncoding = 4; lastKnownFileType = sourcecode.swift; path = LoginViewController.swift; sourceTree = "<group>"; };
		E77CAEDD1D9001DF000F39BF /* SignUpViewController.swift */ = {isa = PBXFileReference; fileEncoding = 4; lastKnownFileType = sourcecode.swift; path = SignUpViewController.swift; sourceTree = "<group>"; };
		E77CAEE11D901280000F39BF /* User.swift */ = {isa = PBXFileReference; fileEncoding = 4; lastKnownFileType = sourcecode.swift; path = User.swift; sourceTree = "<group>"; };
		E77CAEE41D9016DB000F39BF /* FIRService.swift */ = {isa = PBXFileReference; fileEncoding = 4; lastKnownFileType = sourcecode.swift; path = FIRService.swift; sourceTree = "<group>"; };
		E77CAEE71D9017F2000F39BF /* FIRProtocol.swift */ = {isa = PBXFileReference; fileEncoding = 4; lastKnownFileType = sourcecode.swift; path = FIRProtocol.swift; sourceTree = "<group>"; };
		E77CAEE91D901EF7000F39BF /* FIRServiceMock.swift */ = {isa = PBXFileReference; fileEncoding = 4; lastKnownFileType = sourcecode.swift; path = FIRServiceMock.swift; sourceTree = "<group>"; };
		E77F26481D916DEB001073E9 /* AddTaskViewController.swift */ = {isa = PBXFileReference; fileEncoding = 4; lastKnownFileType = sourcecode.swift; path = AddTaskViewController.swift; sourceTree = "<group>"; };
		E785B5041D96A702003E6F87 /* TaskServiceDelegate.swift */ = {isa = PBXFileReference; fileEncoding = 4; lastKnownFileType = sourcecode.swift; path = TaskServiceDelegate.swift; sourceTree = "<group>"; };
		E796FC261D9BDA4D00644E0F /* GoogleService-Info.plist */ = {isa = PBXFileReference; fileEncoding = 4; lastKnownFileType = text.plist.xml; path = "GoogleService-Info.plist"; sourceTree = "<group>"; };
		E7C32BC81D9ABD9100C22EE6 /* FIRConsts.swift */ = {isa = PBXFileReference; fileEncoding = 4; lastKnownFileType = sourcecode.swift; path = FIRConsts.swift; sourceTree = "<group>"; };
		E7C352A71D903CA800E111B1 /* LoginViewControllerTests.swift */ = {isa = PBXFileReference; fileEncoding = 4; lastKnownFileType = sourcecode.swift; path = LoginViewControllerTests.swift; sourceTree = "<group>"; };
		E7CEF44C1D8FC8F100A5846F /* SplashViewControllerTests.swift */ = {isa = PBXFileReference; fileEncoding = 4; lastKnownFileType = sourcecode.swift; path = SplashViewControllerTests.swift; sourceTree = "<group>"; };
		E7E6E16C1D95133100794A82 /* TaskSession.swift */ = {isa = PBXFileReference; fileEncoding = 4; lastKnownFileType = sourcecode.swift; path = TaskSession.swift; sourceTree = "<group>"; };
		E7EAD2221D8EAFD700599D88 /* TimeTracker.app */ = {isa = PBXFileReference; explicitFileType = wrapper.application; includeInIndex = 0; path = TimeTracker.app; sourceTree = BUILT_PRODUCTS_DIR; };
		E7EAD2251D8EAFD700599D88 /* AppDelegate.swift */ = {isa = PBXFileReference; lastKnownFileType = sourcecode.swift; path = AppDelegate.swift; sourceTree = "<group>"; };
		E7EAD2271D8EAFD700599D88 /* TaskListViewController.swift */ = {isa = PBXFileReference; lastKnownFileType = sourcecode.swift; path = TaskListViewController.swift; sourceTree = "<group>"; };
		E7EAD2291D8EAFD700599D88 /* SecondViewController.swift */ = {isa = PBXFileReference; lastKnownFileType = sourcecode.swift; path = SecondViewController.swift; sourceTree = "<group>"; };
		E7EAD22C1D8EAFD700599D88 /* Base */ = {isa = PBXFileReference; lastKnownFileType = file.storyboard; name = Base; path = Base.lproj/Main.storyboard; sourceTree = "<group>"; };
		E7EAD22E1D8EAFD700599D88 /* Assets.xcassets */ = {isa = PBXFileReference; lastKnownFileType = folder.assetcatalog; path = Assets.xcassets; sourceTree = "<group>"; };
		E7EAD2331D8EAFD700599D88 /* Info.plist */ = {isa = PBXFileReference; lastKnownFileType = text.plist.xml; path = Info.plist; sourceTree = "<group>"; };
		E7EAD2381D8EAFD700599D88 /* TimeTrackerTests.xctest */ = {isa = PBXFileReference; explicitFileType = wrapper.cfbundle; includeInIndex = 0; path = TimeTrackerTests.xctest; sourceTree = BUILT_PRODUCTS_DIR; };
		E7EAD23E1D8EAFD700599D88 /* Info.plist */ = {isa = PBXFileReference; lastKnownFileType = text.plist.xml; path = Info.plist; sourceTree = "<group>"; };
		E7EAD2431D8EAFD700599D88 /* TimeTrackerUITests.xctest */ = {isa = PBXFileReference; explicitFileType = wrapper.cfbundle; includeInIndex = 0; path = TimeTrackerUITests.xctest; sourceTree = BUILT_PRODUCTS_DIR; };
		ECCFAA7F6D1B19716454B4D2 /* Pods_TimeTracker.framework */ = {isa = PBXFileReference; explicitFileType = wrapper.framework; includeInIndex = 0; path = Pods_TimeTracker.framework; sourceTree = BUILT_PRODUCTS_DIR; };
/* End PBXFileReference section */

/* Begin PBXFrameworksBuildPhase section */
		E7EAD21F1D8EAFD700599D88 /* Frameworks */ = {
			isa = PBXFrameworksBuildPhase;
			buildActionMask = 2147483647;
			files = (
				757424426B5CA8EAA8419895 /* Pods_TimeTracker.framework in Frameworks */,
			);
			runOnlyForDeploymentPostprocessing = 0;
		};
		E7EAD2351D8EAFD700599D88 /* Frameworks */ = {
			isa = PBXFrameworksBuildPhase;
			buildActionMask = 2147483647;
			files = (
				386B68273BCA9CF5C4C1C3B6 /* Pods_TimeTrackerTests.framework in Frameworks */,
			);
			runOnlyForDeploymentPostprocessing = 0;
		};
		E7EAD2401D8EAFD700599D88 /* Frameworks */ = {
			isa = PBXFrameworksBuildPhase;
			buildActionMask = 2147483647;
			files = (
			);
			runOnlyForDeploymentPostprocessing = 0;
		};
/* End PBXFrameworksBuildPhase section */

/* Begin PBXGroup section */
		08B2459D5007A958D58E8120 /* Frameworks */ = {
			isa = PBXGroup;
			children = (
				ECCFAA7F6D1B19716454B4D2 /* Pods_TimeTracker.framework */,
				A01FDC2AA9D663506DE0D6F5 /* Pods_TimeTrackerTests.framework */,
			);
			name = Frameworks;
			sourceTree = "<group>";
		};
		703BF5150D3EEB8BC87AC5E9 /* Pods */ = {
			isa = PBXGroup;
			children = (
				B11979CA0ACF72BD3F0EC4C4 /* Pods-TimeTracker.debug.xcconfig */,
				AEED4B187D8E7DD5699366CB /* Pods-TimeTracker.release.xcconfig */,
				69A8300DEC2FAEEADAC8A737 /* Pods-TimeTrackerTests.debug.xcconfig */,
				007231B90E17BE55C4D58BE1 /* Pods-TimeTrackerTests.release.xcconfig */,
			);
			name = Pods;
			sourceTree = "<group>";
		};
		E71B1A9E1D9919C9004423DE /* Models */ = {
			isa = PBXGroup;
			children = (
				E71B1A9F1D9919D6004423DE /* TaskSessionTests.swift */,
			);
			name = Models;
			sourceTree = "<group>";
		};
		E71B1AA61D99550B004423DE /* Utils */ = {
			isa = PBXGroup;
			children = (
				E71B1AA71D995520004423DE /* TimeFormatter.swift */,
				E7474B221D9A910300A82370 /* UIConsts.swift */,
			);
			name = Utils;
			sourceTree = "<group>";
		};
		E71B1AAB1D9958DB004423DE /* Utils */ = {
			isa = PBXGroup;
			children = (
				E71B1AAE1D995968004423DE /* TimeFormatterTests.swift */,
			);
			name = Utils;
			sourceTree = "<group>";
		};
		E722CAFE1D96B63200ED6DC4 /* TaskService */ = {
			isa = PBXGroup;
			children = (
				E785B5041D96A702003E6F87 /* TaskServiceDelegate.swift */,
				E702D1601D962914002A64E3 /* TaskService.swift */,
				E722CAFC1D96ACE300ED6DC4 /* TaskServiceProtocol.swift */,
			);
			name = TaskService;
			sourceTree = "<group>";
		};
		E744D3B51D910F0600F9825C /* Helpers */ = {
			isa = PBXGroup;
			children = (
				E744D3B61D910F1200F9825C /* Constants.swift */,
			);
			name = Helpers;
			sourceTree = "<group>";
		};
		E744D3B81D9121B600F9825C /* SignUpViewControllerTest */ = {
			isa = PBXGroup;
			children = (
				E744D3B91D9121E400F9825C /* SignUpViewControllerTest.swift */,
			);
			name = SignUpViewControllerTest;
			sourceTree = "<group>";
		};
		E7469CBA1D92674500FDF686 /* Views */ = {
			isa = PBXGroup;
			children = (
				E7469CC61D927EE300FDF686 /* AddTaskCellCollectionViewCell.swift */,
				E7469CCD1D92B0B600FDF686 /* TaskCell.swift */,
				E7469CCE1D92B0B600FDF686 /* TaskCell.xib */,
			);
			name = Views;
			sourceTree = "<group>";
		};
		E7469CC31D92702E00FDF686 /* AddTaskViewController */ = {
			isa = PBXGroup;
			children = (
				E7469CC41D92704B00FDF686 /* AddTaskViewControllerTests.swift */,
			);
			name = AddTaskViewController;
			sourceTree = "<group>";
		};
		E7469CCA1D92AEA900FDF686 /* TaskListViewControllerTest */ = {
			isa = PBXGroup;
			children = (
				E7469CCB1D92AEC400FDF686 /* TaskListViewControllerTest.swift */,
			);
			name = TaskListViewControllerTest;
			sourceTree = "<group>";
		};
		E77CAED61D8FCE36000F39BF /* SplashViewController */ = {
			isa = PBXGroup;
			children = (
				E77CAED71D8FCE63000F39BF /* SplashViewController.swift */,
			);
			name = SplashViewController;
			sourceTree = "<group>";
		};
		E77CAED91D8FF8AE000F39BF /* LoginViewController */ = {
			isa = PBXGroup;
			children = (
				E77CAEDA1D8FF8C5000F39BF /* LoginViewController.swift */,
			);
			name = LoginViewController;
			sourceTree = "<group>";
		};
		E77CAEDC1D9001C3000F39BF /* SignUpViewController */ = {
			isa = PBXGroup;
			children = (
				E77CAEDD1D9001DF000F39BF /* SignUpViewController.swift */,
			);
			name = SignUpViewController;
			sourceTree = "<group>";
		};
		E77CAEDF1D901266000F39BF /* ViewControlles */ = {
			isa = PBXGroup;
			children = (
				E77F26471D916DD1001073E9 /* AddTaskViewController */,
				E77F26461D91552A001073E9 /* TaskListViewController */,
				E77CAEDC1D9001C3000F39BF /* SignUpViewController */,
				E77CAED91D8FF8AE000F39BF /* LoginViewController */,
				E77CAED61D8FCE36000F39BF /* SplashViewController */,
			);
			name = ViewControlles;
			sourceTree = "<group>";
		};
		E77CAEE01D901272000F39BF /* Models */ = {
			isa = PBXGroup;
			children = (
				E77CAEE11D901280000F39BF /* User.swift */,
				E7469CC81D92A18F00FDF686 /* Task.swift */,
				E7E6E16C1D95133100794A82 /* TaskSession.swift */,
				E702D1621D963F20002A64E3 /* TaskCollection.swift */,
			);
			name = Models;
			sourceTree = "<group>";
		};
		E77CAEE31D9016CD000F39BF /* Services */ = {
			isa = PBXGroup;
			children = (
				E722CAFE1D96B63200ED6DC4 /* TaskService */,
				E77CAEE61D901744000F39BF /* FIR */,
			);
			name = Services;
			sourceTree = "<group>";
		};
		E77CAEE61D901744000F39BF /* FIR */ = {
			isa = PBXGroup;
			children = (
				E77CAEE41D9016DB000F39BF /* FIRService.swift */,
				E77CAEE71D9017F2000F39BF /* FIRProtocol.swift */,
				E7C32BC81D9ABD9100C22EE6 /* FIRConsts.swift */,
			);
			name = FIR;
			sourceTree = "<group>";
		};
		E77F26461D91552A001073E9 /* TaskListViewController */ = {
			isa = PBXGroup;
			children = (
				E7EAD2271D8EAFD700599D88 /* TaskListViewController.swift */,
			);
			name = TaskListViewController;
			sourceTree = "<group>";
		};
		E77F26471D916DD1001073E9 /* AddTaskViewController */ = {
			isa = PBXGroup;
			children = (
				E77F26481D916DEB001073E9 /* AddTaskViewController.swift */,
			);
			name = AddTaskViewController;
			sourceTree = "<group>";
		};
		E796FC251D9BDA3100644E0F /* SupportFiles */ = {
			isa = PBXGroup;
			children = (
				E796FC261D9BDA4D00644E0F /* GoogleService-Info.plist */,
				E7469CBF1D926EF100FDF686 /* TaskColors.plist */,
			);
			name = SupportFiles;
			sourceTree = "<group>";
		};
		E7C352A61D903C8D00E111B1 /* LoginViewControllerTests */ = {
			isa = PBXGroup;
			children = (
				E7C352A71D903CA800E111B1 /* LoginViewControllerTests.swift */,
			);
			name = LoginViewControllerTests;
			sourceTree = "<group>";
		};
		E7CEF44B1D8FC8BE00A5846F /* SplashViewControllerTests */ = {
			isa = PBXGroup;
			children = (
				E7CEF44C1D8FC8F100A5846F /* SplashViewControllerTests.swift */,
				E77CAEE91D901EF7000F39BF /* FIRServiceMock.swift */,
			);
			name = SplashViewControllerTests;
			sourceTree = "<group>";
		};
		E7EAD2191D8EAFD700599D88 = {
			isa = PBXGroup;
			children = (
				E7EAD2241D8EAFD700599D88 /* TimeTracker */,
				E7EAD23B1D8EAFD700599D88 /* TimeTrackerTests */,
				E7EAD2231D8EAFD700599D88 /* Products */,
				703BF5150D3EEB8BC87AC5E9 /* Pods */,
				08B2459D5007A958D58E8120 /* Frameworks */,
			);
			sourceTree = "<group>";
		};
		E7EAD2231D8EAFD700599D88 /* Products */ = {
			isa = PBXGroup;
			children = (
				E7EAD2221D8EAFD700599D88 /* TimeTracker.app */,
				E7EAD2381D8EAFD700599D88 /* TimeTrackerTests.xctest */,
				E7EAD2431D8EAFD700599D88 /* TimeTrackerUITests.xctest */,
			);
			name = Products;
			sourceTree = "<group>";
		};
		E7EAD2241D8EAFD700599D88 /* TimeTracker */ = {
			isa = PBXGroup;
			children = (
				E796FC251D9BDA3100644E0F /* SupportFiles */,
				E71B1AA61D99550B004423DE /* Utils */,
				E700FAEB1D93C8C900D5718A /* TimeTracker.entitlements */,
				E7469CBA1D92674500FDF686 /* Views */,
				E77CAEE31D9016CD000F39BF /* Services */,
				E77CAEE01D901272000F39BF /* Models */,
				E77CAEDF1D901266000F39BF /* ViewControlles */,
				E7EAD2251D8EAFD700599D88 /* AppDelegate.swift */,
				E7EAD2291D8EAFD700599D88 /* SecondViewController.swift */,
				E7EAD22B1D8EAFD700599D88 /* Main.storyboard */,
				E7EAD22E1D8EAFD700599D88 /* Assets.xcassets */,
				E7EAD2331D8EAFD700599D88 /* Info.plist */,
				E77CAED41D8FCD83000F39BF /* LaunchScreen.storyboard */,
			);
			path = TimeTracker;
			sourceTree = "<group>";
		};
		E7EAD23B1D8EAFD700599D88 /* TimeTrackerTests */ = {
			isa = PBXGroup;
			children = (
				E71B1AAB1D9958DB004423DE /* Utils */,
				E71B1A9E1D9919C9004423DE /* Models */,
				E7469CCA1D92AEA900FDF686 /* TaskListViewControllerTest */,
				E7469CC31D92702E00FDF686 /* AddTaskViewController */,
				E744D3B81D9121B600F9825C /* SignUpViewControllerTest */,
				E744D3B51D910F0600F9825C /* Helpers */,
				E7C352A61D903C8D00E111B1 /* LoginViewControllerTests */,
				E7CEF44B1D8FC8BE00A5846F /* SplashViewControllerTests */,
				E7EAD23E1D8EAFD700599D88 /* Info.plist */,
			);
			path = TimeTrackerTests;
			sourceTree = "<group>";
		};
/* End PBXGroup section */

/* Begin PBXNativeTarget section */
		E7EAD2211D8EAFD700599D88 /* TimeTracker */ = {
			isa = PBXNativeTarget;
			buildConfigurationList = E7EAD24C1D8EAFD700599D88 /* Build configuration list for PBXNativeTarget "TimeTracker" */;
			buildPhases = (
				5E25E1D50BA18FE2287B463E /* [CP] Check Pods Manifest.lock */,
				E7EAD21E1D8EAFD700599D88 /* Sources */,
				E7EAD21F1D8EAFD700599D88 /* Frameworks */,
				E7EAD2201D8EAFD700599D88 /* Resources */,
				4AE554BBF277359F8606A733 /* [CP] Embed Pods Frameworks */,
				BD272CF80C4E06367CE243B6 /* [CP] Copy Pods Resources */,
			);
			buildRules = (
			);
			dependencies = (
			);
			name = TimeTracker;
			productName = TimeTracker;
			productReference = E7EAD2221D8EAFD700599D88 /* TimeTracker.app */;
			productType = "com.apple.product-type.application";
		};
		E7EAD2371D8EAFD700599D88 /* TimeTrackerTests */ = {
			isa = PBXNativeTarget;
			buildConfigurationList = E7EAD24F1D8EAFD700599D88 /* Build configuration list for PBXNativeTarget "TimeTrackerTests" */;
			buildPhases = (
				18969DBBB7A7A68808674726 /* [CP] Check Pods Manifest.lock */,
				E7EAD2341D8EAFD700599D88 /* Sources */,
				E7EAD2351D8EAFD700599D88 /* Frameworks */,
				E7EAD2361D8EAFD700599D88 /* Resources */,
				AB1C235B722F805FA170B905 /* [CP] Embed Pods Frameworks */,
				2FB09E6375B07582951F9EF0 /* [CP] Copy Pods Resources */,
			);
			buildRules = (
			);
			dependencies = (
				E7EAD23A1D8EAFD700599D88 /* PBXTargetDependency */,
			);
			name = TimeTrackerTests;
			productName = TimeTrackerTests;
			productReference = E7EAD2381D8EAFD700599D88 /* TimeTrackerTests.xctest */;
			productType = "com.apple.product-type.bundle.unit-test";
		};
		E7EAD2421D8EAFD700599D88 /* TimeTrackerUITests */ = {
			isa = PBXNativeTarget;
			buildConfigurationList = E7EAD2521D8EAFD700599D88 /* Build configuration list for PBXNativeTarget "TimeTrackerUITests" */;
			buildPhases = (
				CCFAF2DE7506C76C1ABA9100 /* [CP] Check Pods Manifest.lock */,
				E7EAD23F1D8EAFD700599D88 /* Sources */,
				E7EAD2401D8EAFD700599D88 /* Frameworks */,
				E7EAD2411D8EAFD700599D88 /* Resources */,
				1448A9DA3558A44B29E0457D /* [CP] Copy Pods Resources */,
			);
			buildRules = (
			);
			dependencies = (
				E7EAD2451D8EAFD700599D88 /* PBXTargetDependency */,
			);
			name = TimeTrackerUITests;
			productName = TimeTrackerUITests;
			productReference = E7EAD2431D8EAFD700599D88 /* TimeTrackerUITests.xctest */;
			productType = "com.apple.product-type.bundle.ui-testing";
		};
/* End PBXNativeTarget section */

/* Begin PBXProject section */
		E7EAD21A1D8EAFD700599D88 /* Project object */ = {
			isa = PBXProject;
			attributes = {
				LastSwiftUpdateCheck = 0800;
				LastUpgradeCheck = 0800;
				ORGANIZATIONNAME = "Michał Szyszka";
				TargetAttributes = {
					E7EAD2211D8EAFD700599D88 = {
						CreatedOnToolsVersion = 8.0;
						DevelopmentTeam = G4F2QAB3HL;
						ProvisioningStyle = Automatic;
						SystemCapabilities = {
							com.apple.Keychain = {
								enabled = 1;
							};
						};
					};
					E7EAD2371D8EAFD700599D88 = {
						CreatedOnToolsVersion = 8.0;
						DevelopmentTeam = G4F2QAB3HL;
						ProvisioningStyle = Automatic;
						TestTargetID = E7EAD2211D8EAFD700599D88;
					};
					E7EAD2421D8EAFD700599D88 = {
						CreatedOnToolsVersion = 8.0;
						DevelopmentTeam = G4F2QAB3HL;
						ProvisioningStyle = Automatic;
						TestTargetID = E7EAD2211D8EAFD700599D88;
					};
				};
			};
			buildConfigurationList = E7EAD21D1D8EAFD700599D88 /* Build configuration list for PBXProject "TimeTracker" */;
			compatibilityVersion = "Xcode 3.2";
			developmentRegion = English;
			hasScannedForEncodings = 0;
			knownRegions = (
				en,
				Base,
			);
			mainGroup = E7EAD2191D8EAFD700599D88;
			productRefGroup = E7EAD2231D8EAFD700599D88 /* Products */;
			projectDirPath = "";
			projectRoot = "";
			targets = (
				E7EAD2211D8EAFD700599D88 /* TimeTracker */,
				E7EAD2371D8EAFD700599D88 /* TimeTrackerTests */,
				E7EAD2421D8EAFD700599D88 /* TimeTrackerUITests */,
			);
		};
/* End PBXProject section */

/* Begin PBXResourcesBuildPhase section */
		E7EAD2201D8EAFD700599D88 /* Resources */ = {
			isa = PBXResourcesBuildPhase;
			buildActionMask = 2147483647;
			files = (
				E77CAED51D8FCD83000F39BF /* LaunchScreen.storyboard in Resources */,
				E7EAD22F1D8EAFD700599D88 /* Assets.xcassets in Resources */,
				E7EAD22D1D8EAFD700599D88 /* Main.storyboard in Resources */,
				E7469CD01D92B0B600FDF686 /* TaskCell.xib in Resources */,
				E7469CC01D926EF100FDF686 /* TaskColors.plist in Resources */,
				E796FC271D9BDA4D00644E0F /* GoogleService-Info.plist in Resources */,
			);
			runOnlyForDeploymentPostprocessing = 0;
		};
		E7EAD2361D8EAFD700599D88 /* Resources */ = {
			isa = PBXResourcesBuildPhase;
			buildActionMask = 2147483647;
			files = (
				E7469CC21D926EFE00FDF686 /* TaskColors.plist in Resources */,
				E796FC281D9BDA4D00644E0F /* GoogleService-Info.plist in Resources */,
			);
			runOnlyForDeploymentPostprocessing = 0;
		};
		E7EAD2411D8EAFD700599D88 /* Resources */ = {
			isa = PBXResourcesBuildPhase;
			buildActionMask = 2147483647;
			files = (
				E7469CC11D926EFE00FDF686 /* TaskColors.plist in Resources */,
			);
			runOnlyForDeploymentPostprocessing = 0;
		};
/* End PBXResourcesBuildPhase section */

/* Begin PBXShellScriptBuildPhase section */
		1448A9DA3558A44B29E0457D /* [CP] Copy Pods Resources */ = {
			isa = PBXShellScriptBuildPhase;
			buildActionMask = 2147483647;
			files = (
			);
			inputPaths = (
			);
			name = "[CP] Copy Pods Resources";
			outputPaths = (
			);
			runOnlyForDeploymentPostprocessing = 0;
			shellPath = /bin/sh;
			shellScript = "\"${SRCROOT}/Pods/Target Support Files/Pods-TimeTrackerUITests/Pods-TimeTrackerUITests-resources.sh\"\n";
			showEnvVarsInLog = 0;
		};
		18969DBBB7A7A68808674726 /* [CP] Check Pods Manifest.lock */ = {
			isa = PBXShellScriptBuildPhase;
			buildActionMask = 2147483647;
			files = (
			);
			inputPaths = (
			);
			name = "[CP] Check Pods Manifest.lock";
			outputPaths = (
			);
			runOnlyForDeploymentPostprocessing = 0;
			shellPath = /bin/sh;
			shellScript = "diff \"${PODS_ROOT}/../Podfile.lock\" \"${PODS_ROOT}/Manifest.lock\" > /dev/null\nif [[ $? != 0 ]] ; then\n    cat << EOM\nerror: The sandbox is not in sync with the Podfile.lock. Run 'pod install' or update your CocoaPods installation.\nEOM\n    exit 1\nfi\n";
			showEnvVarsInLog = 0;
		};
		2FB09E6375B07582951F9EF0 /* [CP] Copy Pods Resources */ = {
			isa = PBXShellScriptBuildPhase;
			buildActionMask = 2147483647;
			files = (
			);
			inputPaths = (
			);
			name = "[CP] Copy Pods Resources";
			outputPaths = (
			);
			runOnlyForDeploymentPostprocessing = 0;
			shellPath = /bin/sh;
			shellScript = "\"${SRCROOT}/Pods/Target Support Files/Pods-TimeTrackerTests/Pods-TimeTrackerTests-resources.sh\"\n";
			showEnvVarsInLog = 0;
		};
		4AE554BBF277359F8606A733 /* [CP] Embed Pods Frameworks */ = {
			isa = PBXShellScriptBuildPhase;
			buildActionMask = 2147483647;
			files = (
			);
			inputPaths = (
			);
			name = "[CP] Embed Pods Frameworks";
			outputPaths = (
			);
			runOnlyForDeploymentPostprocessing = 0;
			shellPath = /bin/sh;
			shellScript = "\"${SRCROOT}/Pods/Target Support Files/Pods-TimeTracker/Pods-TimeTracker-frameworks.sh\"\n";
			showEnvVarsInLog = 0;
		};
		5E25E1D50BA18FE2287B463E /* [CP] Check Pods Manifest.lock */ = {
			isa = PBXShellScriptBuildPhase;
			buildActionMask = 2147483647;
			files = (
			);
			inputPaths = (
			);
			name = "[CP] Check Pods Manifest.lock";
			outputPaths = (
			);
			runOnlyForDeploymentPostprocessing = 0;
			shellPath = /bin/sh;
			shellScript = "diff \"${PODS_ROOT}/../Podfile.lock\" \"${PODS_ROOT}/Manifest.lock\" > /dev/null\nif [[ $? != 0 ]] ; then\n    cat << EOM\nerror: The sandbox is not in sync with the Podfile.lock. Run 'pod install' or update your CocoaPods installation.\nEOM\n    exit 1\nfi\n";
			showEnvVarsInLog = 0;
		};
		AB1C235B722F805FA170B905 /* [CP] Embed Pods Frameworks */ = {
			isa = PBXShellScriptBuildPhase;
			buildActionMask = 2147483647;
			files = (
			);
			inputPaths = (
			);
			name = "[CP] Embed Pods Frameworks";
			outputPaths = (
			);
			runOnlyForDeploymentPostprocessing = 0;
			shellPath = /bin/sh;
			shellScript = "\"${SRCROOT}/Pods/Target Support Files/Pods-TimeTrackerTests/Pods-TimeTrackerTests-frameworks.sh\"\n";
			showEnvVarsInLog = 0;
		};
		BD272CF80C4E06367CE243B6 /* [CP] Copy Pods Resources */ = {
			isa = PBXShellScriptBuildPhase;
			buildActionMask = 2147483647;
			files = (
			);
			inputPaths = (
			);
			name = "[CP] Copy Pods Resources";
			outputPaths = (
			);
			runOnlyForDeploymentPostprocessing = 0;
			shellPath = /bin/sh;
			shellScript = "\"${SRCROOT}/Pods/Target Support Files/Pods-TimeTracker/Pods-TimeTracker-resources.sh\"\n";
			showEnvVarsInLog = 0;
		};
		CCFAF2DE7506C76C1ABA9100 /* [CP] Check Pods Manifest.lock */ = {
			isa = PBXShellScriptBuildPhase;
			buildActionMask = 2147483647;
			files = (
			);
			inputPaths = (
			);
			name = "[CP] Check Pods Manifest.lock";
			outputPaths = (
			);
			runOnlyForDeploymentPostprocessing = 0;
			shellPath = /bin/sh;
			shellScript = "diff \"${PODS_ROOT}/../Podfile.lock\" \"${PODS_ROOT}/Manifest.lock\" > /dev/null\nif [[ $? != 0 ]] ; then\n    cat << EOM\nerror: The sandbox is not in sync with the Podfile.lock. Run 'pod install' or update your CocoaPods installation.\nEOM\n    exit 1\nfi\n";
			showEnvVarsInLog = 0;
		};
/* End PBXShellScriptBuildPhase section */

/* Begin PBXSourcesBuildPhase section */
		E7EAD21E1D8EAFD700599D88 /* Sources */ = {
			isa = PBXSourcesBuildPhase;
			buildActionMask = 2147483647;
			files = (
				E7469CC71D927EE300FDF686 /* AddTaskCellCollectionViewCell.swift in Sources */,
				E77F26491D916DEB001073E9 /* AddTaskViewController.swift in Sources */,
				E7EAD22A1D8EAFD700599D88 /* SecondViewController.swift in Sources */,
				E77CAEDE1D9001DF000F39BF /* SignUpViewController.swift in Sources */,
				E722CAFD1D96ACE300ED6DC4 /* TaskServiceProtocol.swift in Sources */,
				E7474B231D9A910300A82370 /* UIConsts.swift in Sources */,
				E7469CC91D92A18F00FDF686 /* Task.swift in Sources */,
				E702D1611D962914002A64E3 /* TaskService.swift in Sources */,
				E7EAD2261D8EAFD700599D88 /* AppDelegate.swift in Sources */,
				E7EAD2281D8EAFD700599D88 /* TaskListViewController.swift in Sources */,
				E77CAEDB1D8FF8C5000F39BF /* LoginViewController.swift in Sources */,
				E71B1AA81D995520004423DE /* TimeFormatter.swift in Sources */,
				E77CAEE51D9016DB000F39BF /* FIRService.swift in Sources */,
				E77CAED81D8FCE63000F39BF /* SplashViewController.swift in Sources */,
				E77CAEE81D9017F2000F39BF /* FIRProtocol.swift in Sources */,
				E7C32BC91D9ABD9100C22EE6 /* FIRConsts.swift in Sources */,
				E7469CCF1D92B0B600FDF686 /* TaskCell.swift in Sources */,
				E77CAEE21D901280000F39BF /* User.swift in Sources */,
				E702D1631D963F20002A64E3 /* TaskCollection.swift in Sources */,
				E785B5051D96A702003E6F87 /* TaskServiceDelegate.swift in Sources */,
				E7E6E16D1D95133100794A82 /* TaskSession.swift in Sources */,
			);
			runOnlyForDeploymentPostprocessing = 0;
		};
		E7EAD2341D8EAFD700599D88 /* Sources */ = {
			isa = PBXSourcesBuildPhase;
			buildActionMask = 2147483647;
			files = (
				E744D3B71D910F1200F9825C /* Constants.swift in Sources */,
				E7C352A81D903CA800E111B1 /* LoginViewControllerTests.swift in Sources */,
				E7469CCC1D92AEC400FDF686 /* TaskListViewControllerTest.swift in Sources */,
				E71B1AA01D9919D6004423DE /* TaskSessionTests.swift in Sources */,
				E77CAEEA1D901EF7000F39BF /* FIRServiceMock.swift in Sources */,
				E744D3BA1D9121E400F9825C /* SignUpViewControllerTest.swift in Sources */,
				E7CEF44D1D8FC8F100A5846F /* SplashViewControllerTests.swift in Sources */,
				E7469CC51D92704B00FDF686 /* AddTaskViewControllerTests.swift in Sources */,
				E71B1AAF1D995968004423DE /* TimeFormatterTests.swift in Sources */,
			);
			runOnlyForDeploymentPostprocessing = 0;
		};
		E7EAD23F1D8EAFD700599D88 /* Sources */ = {
			isa = PBXSourcesBuildPhase;
			buildActionMask = 2147483647;
			files = (
			);
			runOnlyForDeploymentPostprocessing = 0;
		};
/* End PBXSourcesBuildPhase section */

/* Begin PBXTargetDependency section */
		E7EAD23A1D8EAFD700599D88 /* PBXTargetDependency */ = {
			isa = PBXTargetDependency;
			target = E7EAD2211D8EAFD700599D88 /* TimeTracker */;
			targetProxy = E7EAD2391D8EAFD700599D88 /* PBXContainerItemProxy */;
		};
		E7EAD2451D8EAFD700599D88 /* PBXTargetDependency */ = {
			isa = PBXTargetDependency;
			target = E7EAD2211D8EAFD700599D88 /* TimeTracker */;
			targetProxy = E7EAD2441D8EAFD700599D88 /* PBXContainerItemProxy */;
		};
/* End PBXTargetDependency section */

/* Begin PBXVariantGroup section */
		E7EAD22B1D8EAFD700599D88 /* Main.storyboard */ = {
			isa = PBXVariantGroup;
			children = (
				E7EAD22C1D8EAFD700599D88 /* Base */,
			);
			name = Main.storyboard;
			sourceTree = "<group>";
		};
/* End PBXVariantGroup section */

/* Begin XCBuildConfiguration section */
		E7EAD24A1D8EAFD700599D88 /* Debug */ = {
			isa = XCBuildConfiguration;
			buildSettings = {
				ALWAYS_SEARCH_USER_PATHS = NO;
				CLANG_ANALYZER_NONNULL = YES;
				CLANG_CXX_LANGUAGE_STANDARD = "gnu++0x";
				CLANG_CXX_LIBRARY = "libc++";
				CLANG_ENABLE_MODULES = YES;
				CLANG_ENABLE_OBJC_ARC = YES;
				CLANG_WARN_BOOL_CONVERSION = YES;
				CLANG_WARN_CONSTANT_CONVERSION = YES;
				CLANG_WARN_DIRECT_OBJC_ISA_USAGE = YES_ERROR;
				CLANG_WARN_DOCUMENTATION_COMMENTS = YES;
				CLANG_WARN_EMPTY_BODY = YES;
				CLANG_WARN_ENUM_CONVERSION = YES;
				CLANG_WARN_INFINITE_RECURSION = YES;
				CLANG_WARN_INT_CONVERSION = YES;
				CLANG_WARN_OBJC_ROOT_CLASS = YES_ERROR;
				CLANG_WARN_SUSPICIOUS_MOVES = YES;
				CLANG_WARN_UNREACHABLE_CODE = YES;
				CLANG_WARN__DUPLICATE_METHOD_MATCH = YES;
				"CODE_SIGN_IDENTITY[sdk=iphoneos*]" = "iPhone Developer";
				COPY_PHASE_STRIP = NO;
				DEBUG_INFORMATION_FORMAT = dwarf;
				ENABLE_STRICT_OBJC_MSGSEND = YES;
				ENABLE_TESTABILITY = YES;
				GCC_C_LANGUAGE_STANDARD = gnu99;
				GCC_DYNAMIC_NO_PIC = NO;
				GCC_NO_COMMON_BLOCKS = YES;
				GCC_OPTIMIZATION_LEVEL = 0;
				GCC_PREPROCESSOR_DEFINITIONS = (
					"DEBUG=1",
					"$(inherited)",
				);
				GCC_WARN_64_TO_32_BIT_CONVERSION = YES;
				GCC_WARN_ABOUT_RETURN_TYPE = YES_ERROR;
				GCC_WARN_UNDECLARED_SELECTOR = YES;
				GCC_WARN_UNINITIALIZED_AUTOS = YES_AGGRESSIVE;
				GCC_WARN_UNUSED_FUNCTION = YES;
				GCC_WARN_UNUSED_VARIABLE = YES;
				IPHONEOS_DEPLOYMENT_TARGET = 10.0;
				MTL_ENABLE_DEBUG_INFO = YES;
				ONLY_ACTIVE_ARCH = YES;
				SDKROOT = iphoneos;
				SWIFT_ACTIVE_COMPILATION_CONDITIONS = DEBUG;
				SWIFT_OPTIMIZATION_LEVEL = "-Onone";
			};
			name = Debug;
		};
		E7EAD24B1D8EAFD700599D88 /* Release */ = {
			isa = XCBuildConfiguration;
			buildSettings = {
				ALWAYS_SEARCH_USER_PATHS = NO;
				CLANG_ANALYZER_NONNULL = YES;
				CLANG_CXX_LANGUAGE_STANDARD = "gnu++0x";
				CLANG_CXX_LIBRARY = "libc++";
				CLANG_ENABLE_MODULES = YES;
				CLANG_ENABLE_OBJC_ARC = YES;
				CLANG_WARN_BOOL_CONVERSION = YES;
				CLANG_WARN_CONSTANT_CONVERSION = YES;
				CLANG_WARN_DIRECT_OBJC_ISA_USAGE = YES_ERROR;
				CLANG_WARN_DOCUMENTATION_COMMENTS = YES;
				CLANG_WARN_EMPTY_BODY = YES;
				CLANG_WARN_ENUM_CONVERSION = YES;
				CLANG_WARN_INFINITE_RECURSION = YES;
				CLANG_WARN_INT_CONVERSION = YES;
				CLANG_WARN_OBJC_ROOT_CLASS = YES_ERROR;
				CLANG_WARN_SUSPICIOUS_MOVES = YES;
				CLANG_WARN_UNREACHABLE_CODE = YES;
				CLANG_WARN__DUPLICATE_METHOD_MATCH = YES;
				"CODE_SIGN_IDENTITY[sdk=iphoneos*]" = "iPhone Developer";
				COPY_PHASE_STRIP = NO;
				DEBUG_INFORMATION_FORMAT = "dwarf-with-dsym";
				ENABLE_NS_ASSERTIONS = NO;
				ENABLE_STRICT_OBJC_MSGSEND = YES;
				GCC_C_LANGUAGE_STANDARD = gnu99;
				GCC_NO_COMMON_BLOCKS = YES;
				GCC_WARN_64_TO_32_BIT_CONVERSION = YES;
				GCC_WARN_ABOUT_RETURN_TYPE = YES_ERROR;
				GCC_WARN_UNDECLARED_SELECTOR = YES;
				GCC_WARN_UNINITIALIZED_AUTOS = YES_AGGRESSIVE;
				GCC_WARN_UNUSED_FUNCTION = YES;
				GCC_WARN_UNUSED_VARIABLE = YES;
				IPHONEOS_DEPLOYMENT_TARGET = 10.0;
				MTL_ENABLE_DEBUG_INFO = NO;
				SDKROOT = iphoneos;
				SWIFT_OPTIMIZATION_LEVEL = "-Owholemodule";
				VALIDATE_PRODUCT = YES;
			};
			name = Release;
		};
		E7EAD24D1D8EAFD700599D88 /* Debug */ = {
			isa = XCBuildConfiguration;
			baseConfigurationReference = B11979CA0ACF72BD3F0EC4C4 /* Pods-TimeTracker.debug.xcconfig */;
			buildSettings = {
				ASSETCATALOG_COMPILER_APPICON_NAME = AppIcon;
				CODE_SIGN_ENTITLEMENTS = TimeTracker/TimeTracker.entitlements;
				DEVELOPMENT_TEAM = G4F2QAB3HL;
				INFOPLIST_FILE = TimeTracker/Info.plist;
				LD_RUNPATH_SEARCH_PATHS = "$(inherited) @executable_path/Frameworks";
				PRODUCT_BUNDLE_IDENTIFIER = pl.timetracker.TimeTracker;
				PRODUCT_NAME = "$(TARGET_NAME)";
				SWIFT_VERSION = 3.0;
			};
			name = Debug;
		};
		E7EAD24E1D8EAFD700599D88 /* Release */ = {
			isa = XCBuildConfiguration;
			baseConfigurationReference = AEED4B187D8E7DD5699366CB /* Pods-TimeTracker.release.xcconfig */;
			buildSettings = {
				ASSETCATALOG_COMPILER_APPICON_NAME = AppIcon;
				CODE_SIGN_ENTITLEMENTS = TimeTracker/TimeTracker.entitlements;
				DEVELOPMENT_TEAM = G4F2QAB3HL;
				ENABLE_TESTABILITY = YES;
				INFOPLIST_FILE = TimeTracker/Info.plist;
				LD_RUNPATH_SEARCH_PATHS = "$(inherited) @executable_path/Frameworks";
				PRODUCT_BUNDLE_IDENTIFIER = pl.timetracker.TimeTracker;
				PRODUCT_NAME = "$(TARGET_NAME)";
				SWIFT_VERSION = 3.0;
			};
			name = Release;
		};
		E7EAD2501D8EAFD700599D88 /* Debug */ = {
			isa = XCBuildConfiguration;
			baseConfigurationReference = 69A8300DEC2FAEEADAC8A737 /* Pods-TimeTrackerTests.debug.xcconfig */;
			buildSettings = {
				ALWAYS_EMBED_SWIFT_STANDARD_LIBRARIES = YES;
				BUNDLE_LOADER = "$(TEST_HOST)";
				DEVELOPMENT_TEAM = G4F2QAB3HL;
				INFOPLIST_FILE = TimeTrackerTests/Info.plist;
				LD_RUNPATH_SEARCH_PATHS = "$(inherited) @executable_path/Frameworks @loader_path/Frameworks";
				ONLY_ACTIVE_ARCH = YES;
				PRODUCT_BUNDLE_IDENTIFIER = pl.timetracker.TimeTrackerTests;
				PRODUCT_NAME = "$(TARGET_NAME)";
				SWIFT_VERSION = 3.0;
				TEST_HOST = "$(BUILT_PRODUCTS_DIR)/TimeTracker.app/TimeTracker";
			};
			name = Debug;
		};
		E7EAD2511D8EAFD700599D88 /* Release */ = {
			isa = XCBuildConfiguration;
			baseConfigurationReference = 007231B90E17BE55C4D58BE1 /* Pods-TimeTrackerTests.release.xcconfig */;
			buildSettings = {
				ALWAYS_EMBED_SWIFT_STANDARD_LIBRARIES = YES;
				BUNDLE_LOADER = "$(TEST_HOST)";
				DEVELOPMENT_TEAM = G4F2QAB3HL;
				INFOPLIST_FILE = TimeTrackerTests/Info.plist;
				LD_RUNPATH_SEARCH_PATHS = "$(inherited) @executable_path/Frameworks @loader_path/Frameworks";
				ONLY_ACTIVE_ARCH = NO;
				PRODUCT_BUNDLE_IDENTIFIER = pl.timetracker.TimeTrackerTests;
				PRODUCT_NAME = "$(TARGET_NAME)";
				SWIFT_VERSION = 3.0;
				TEST_HOST = "$(BUILT_PRODUCTS_DIR)/TimeTracker.app/TimeTracker";
			};
			name = Release;
		};
		E7EAD2531D8EAFD700599D88 /* Debug */ = {
			isa = XCBuildConfiguration;
			buildSettings = {
				ALWAYS_EMBED_SWIFT_STANDARD_LIBRARIES = YES;
				DEVELOPMENT_TEAM = G4F2QAB3HL;
				INFOPLIST_FILE = TimeTrackerUITests/Info.plist;
				LD_RUNPATH_SEARCH_PATHS = "$(inherited) @executable_path/Frameworks @loader_path/Frameworks";
				PRODUCT_BUNDLE_IDENTIFIER = pl.timetracker.TimeTrackerUITests;
				PRODUCT_NAME = "$(TARGET_NAME)";
				SWIFT_VERSION = 3.0;
				TEST_TARGET_NAME = TimeTracker;
			};
			name = Debug;
		};
		E7EAD2541D8EAFD700599D88 /* Release */ = {
			isa = XCBuildConfiguration;
			buildSettings = {
				ALWAYS_EMBED_SWIFT_STANDARD_LIBRARIES = YES;
				DEVELOPMENT_TEAM = G4F2QAB3HL;
				INFOPLIST_FILE = TimeTrackerUITests/Info.plist;
				LD_RUNPATH_SEARCH_PATHS = "$(inherited) @executable_path/Frameworks @loader_path/Frameworks";
				PRODUCT_BUNDLE_IDENTIFIER = pl.timetracker.TimeTrackerUITests;
				PRODUCT_NAME = "$(TARGET_NAME)";
				SWIFT_VERSION = 3.0;
				TEST_TARGET_NAME = TimeTracker;
			};
			name = Release;
		};
/* End XCBuildConfiguration section */

/* Begin XCConfigurationList section */
		E7EAD21D1D8EAFD700599D88 /* Build configuration list for PBXProject "TimeTracker" */ = {
			isa = XCConfigurationList;
			buildConfigurations = (
				E7EAD24A1D8EAFD700599D88 /* Debug */,
				E7EAD24B1D8EAFD700599D88 /* Release */,
			);
			defaultConfigurationIsVisible = 0;
			defaultConfigurationName = Release;
		};
		E7EAD24C1D8EAFD700599D88 /* Build configuration list for PBXNativeTarget "TimeTracker" */ = {
			isa = XCConfigurationList;
			buildConfigurations = (
				E7EAD24D1D8EAFD700599D88 /* Debug */,
				E7EAD24E1D8EAFD700599D88 /* Release */,
			);
			defaultConfigurationIsVisible = 0;
			defaultConfigurationName = Release;
		};
		E7EAD24F1D8EAFD700599D88 /* Build configuration list for PBXNativeTarget "TimeTrackerTests" */ = {
			isa = XCConfigurationList;
			buildConfigurations = (
				E7EAD2501D8EAFD700599D88 /* Debug */,
				E7EAD2511D8EAFD700599D88 /* Release */,
			);
			defaultConfigurationIsVisible = 0;
			defaultConfigurationName = Release;
		};
		E7EAD2521D8EAFD700599D88 /* Build configuration list for PBXNativeTarget "TimeTrackerUITests" */ = {
			isa = XCConfigurationList;
			buildConfigurations = (
				E7EAD2531D8EAFD700599D88 /* Debug */,
				E7EAD2541D8EAFD700599D88 /* Release */,
			);
			defaultConfigurationIsVisible = 0;
			defaultConfigurationName = Release;
		};
/* End XCConfigurationList section */
	};
	rootObject = E7EAD21A1D8EAFD700599D88 /* Project object */;
}
